// !$*UTF8*$!
{
	archiveVersion = 1;
	classes = {
	};
	objectVersion = 55;
	objects = {

/* Begin PBXBuildFile section */
		2D5F169D27E4CD390089E504 /* AppDelegate.swift in Sources */ = {isa = PBXBuildFile; fileRef = 2D5F169C27E4CD390089E504 /* AppDelegate.swift */; };
		2D5F169F27E4CD390089E504 /* SceneDelegate.swift in Sources */ = {isa = PBXBuildFile; fileRef = 2D5F169E27E4CD390089E504 /* SceneDelegate.swift */; };
		2D5F16A627E4CD3B0089E504 /* Assets.xcassets in Resources */ = {isa = PBXBuildFile; fileRef = 2D5F16A527E4CD3B0089E504 /* Assets.xcassets */; };
		2D5F16A927E4CD3B0089E504 /* LaunchScreen.storyboard in Resources */ = {isa = PBXBuildFile; fileRef = 2D5F16A727E4CD3B0089E504 /* LaunchScreen.storyboard */; };
		2D5F16B927E4CFF90089E504 /* WelcomeViewController.swift in Sources */ = {isa = PBXBuildFile; fileRef = 2D5F16B727E4CFF90089E504 /* WelcomeViewController.swift */; };
		2D5F16BA27E4CFF90089E504 /* WelcomeViewController.xib in Resources */ = {isa = PBXBuildFile; fileRef = 2D5F16B827E4CFF90089E504 /* WelcomeViewController.xib */; };
		2D5F16BC27E4D0220089E504 /* WelcomeView.swift in Sources */ = {isa = PBXBuildFile; fileRef = 2D5F16BB27E4D0220089E504 /* WelcomeView.swift */; };
		2D5F16BE27E4D18B0089E504 /* UIView+Extension.swift in Sources */ = {isa = PBXBuildFile; fileRef = 2D5F16BD27E4D18B0089E504 /* UIView+Extension.swift */; };
		2D5F16C127E4D6A70089E504 /* RootViewProtocol.swift in Sources */ = {isa = PBXBuildFile; fileRef = 2D5F16C027E4D6A70089E504 /* RootViewProtocol.swift */; };
		2D5F16C427E4D9720089E504 /* NavigationService.swift in Sources */ = {isa = PBXBuildFile; fileRef = 2D5F16C327E4D9720089E504 /* NavigationService.swift */; };
		2D5F16C827E4D9E20089E504 /* LoginViewController.swift in Sources */ = {isa = PBXBuildFile; fileRef = 2D5F16C627E4D9E20089E504 /* LoginViewController.swift */; };
		2D5F16C927E4D9E20089E504 /* LoginViewController.xib in Resources */ = {isa = PBXBuildFile; fileRef = 2D5F16C727E4D9E20089E504 /* LoginViewController.xib */; };
		2D5F16CD27E4DA040089E504 /* LoginView.swift in Sources */ = {isa = PBXBuildFile; fileRef = 2D5F16CC27E4DA040089E504 /* LoginView.swift */; };
		2D5F16CF27E4E7F30089E504 /* UIViewController+Extension.swift in Sources */ = {isa = PBXBuildFile; fileRef = 2D5F16CE27E4E7F30089E504 /* UIViewController+Extension.swift */; };
		2D5F16D527E4EA550089E504 /* ConfirmPhoneNumberViewController.swift in Sources */ = {isa = PBXBuildFile; fileRef = 2D5F16D327E4EA550089E504 /* ConfirmPhoneNumberViewController.swift */; };
		2D5F16D627E4EA550089E504 /* ConfirmPhoneNumberViewController.xib in Resources */ = {isa = PBXBuildFile; fileRef = 2D5F16D427E4EA550089E504 /* ConfirmPhoneNumberViewController.xib */; };
		2D5F16D827E4EA630089E504 /* ConfirmPhoneNumberView.swift in Sources */ = {isa = PBXBuildFile; fileRef = 2D5F16D727E4EA630089E504 /* ConfirmPhoneNumberView.swift */; };
		2DC3B7C027E7349200B5DC24 /* ProfileSettingsView.swift in Sources */ = {isa = PBXBuildFile; fileRef = 2DC3B7BF27E7349200B5DC24 /* ProfileSettingsView.swift */; };
		2DC3B7C327E734B000B5DC24 /* ProfileSettingsViewController.swift in Sources */ = {isa = PBXBuildFile; fileRef = 2DC3B7C127E734B000B5DC24 /* ProfileSettingsViewController.swift */; };
		2DC3B7C427E734B000B5DC24 /* ProfileSettingsViewController.xib in Resources */ = {isa = PBXBuildFile; fileRef = 2DC3B7C227E734B000B5DC24 /* ProfileSettingsViewController.xib */; };
		2DC3B7C627E76F6B00B5DC24 /* UITextView+Extension.swift in Sources */ = {isa = PBXBuildFile; fileRef = 2DC3B7C527E76F6B00B5DC24 /* UITextView+Extension.swift */; };
		609707F2E176BA6E81DA281B /* Pods_SecureMessanger.framework in Frameworks */ = {isa = PBXBuildFile; fileRef = 51A76C56C6007A512E694044 /* Pods_SecureMessanger.framework */; };
/* End PBXBuildFile section */

/* Begin PBXFileReference section */
		2D5F169927E4CD390089E504 /* SecureMessanger.app */ = {isa = PBXFileReference; explicitFileType = wrapper.application; includeInIndex = 0; path = SecureMessanger.app; sourceTree = BUILT_PRODUCTS_DIR; };
		2D5F169C27E4CD390089E504 /* AppDelegate.swift */ = {isa = PBXFileReference; lastKnownFileType = sourcecode.swift; path = AppDelegate.swift; sourceTree = "<group>"; };
		2D5F169E27E4CD390089E504 /* SceneDelegate.swift */ = {isa = PBXFileReference; lastKnownFileType = sourcecode.swift; path = SceneDelegate.swift; sourceTree = "<group>"; };
		2D5F16A527E4CD3B0089E504 /* Assets.xcassets */ = {isa = PBXFileReference; lastKnownFileType = folder.assetcatalog; path = Assets.xcassets; sourceTree = "<group>"; };
		2D5F16A827E4CD3B0089E504 /* Base */ = {isa = PBXFileReference; lastKnownFileType = file.storyboard; name = Base; path = Base.lproj/LaunchScreen.storyboard; sourceTree = "<group>"; };
		2D5F16AA27E4CD3B0089E504 /* Info.plist */ = {isa = PBXFileReference; lastKnownFileType = text.plist.xml; path = Info.plist; sourceTree = "<group>"; };
		2D5F16B727E4CFF90089E504 /* WelcomeViewController.swift */ = {isa = PBXFileReference; lastKnownFileType = sourcecode.swift; path = WelcomeViewController.swift; sourceTree = "<group>"; };
		2D5F16B827E4CFF90089E504 /* WelcomeViewController.xib */ = {isa = PBXFileReference; lastKnownFileType = file.xib; path = WelcomeViewController.xib; sourceTree = "<group>"; };
		2D5F16BB27E4D0220089E504 /* WelcomeView.swift */ = {isa = PBXFileReference; lastKnownFileType = sourcecode.swift; path = WelcomeView.swift; sourceTree = "<group>"; };
		2D5F16BD27E4D18B0089E504 /* UIView+Extension.swift */ = {isa = PBXFileReference; lastKnownFileType = sourcecode.swift; path = "UIView+Extension.swift"; sourceTree = "<group>"; };
		2D5F16C027E4D6A70089E504 /* RootViewProtocol.swift */ = {isa = PBXFileReference; lastKnownFileType = sourcecode.swift; path = RootViewProtocol.swift; sourceTree = "<group>"; };
		2D5F16C327E4D9720089E504 /* NavigationService.swift */ = {isa = PBXFileReference; lastKnownFileType = sourcecode.swift; path = NavigationService.swift; sourceTree = "<group>"; };
		2D5F16C627E4D9E20089E504 /* LoginViewController.swift */ = {isa = PBXFileReference; lastKnownFileType = sourcecode.swift; path = LoginViewController.swift; sourceTree = "<group>"; };
		2D5F16C727E4D9E20089E504 /* LoginViewController.xib */ = {isa = PBXFileReference; lastKnownFileType = file.xib; path = LoginViewController.xib; sourceTree = "<group>"; };
		2D5F16CC27E4DA040089E504 /* LoginView.swift */ = {isa = PBXFileReference; lastKnownFileType = sourcecode.swift; path = LoginView.swift; sourceTree = "<group>"; };
		2D5F16CE27E4E7F30089E504 /* UIViewController+Extension.swift */ = {isa = PBXFileReference; lastKnownFileType = sourcecode.swift; path = "UIViewController+Extension.swift"; sourceTree = "<group>"; };
		2D5F16D327E4EA550089E504 /* ConfirmPhoneNumberViewController.swift */ = {isa = PBXFileReference; lastKnownFileType = sourcecode.swift; path = ConfirmPhoneNumberViewController.swift; sourceTree = "<group>"; };
		2D5F16D427E4EA550089E504 /* ConfirmPhoneNumberViewController.xib */ = {isa = PBXFileReference; lastKnownFileType = file.xib; path = ConfirmPhoneNumberViewController.xib; sourceTree = "<group>"; };
		2D5F16D727E4EA630089E504 /* ConfirmPhoneNumberView.swift */ = {isa = PBXFileReference; lastKnownFileType = sourcecode.swift; path = ConfirmPhoneNumberView.swift; sourceTree = "<group>"; };
		2DC3B7BF27E7349200B5DC24 /* ProfileSettingsView.swift */ = {isa = PBXFileReference; lastKnownFileType = sourcecode.swift; path = ProfileSettingsView.swift; sourceTree = "<group>"; };
		2DC3B7C127E734B000B5DC24 /* ProfileSettingsViewController.swift */ = {isa = PBXFileReference; lastKnownFileType = sourcecode.swift; path = ProfileSettingsViewController.swift; sourceTree = "<group>"; };
		2DC3B7C227E734B000B5DC24 /* ProfileSettingsViewController.xib */ = {isa = PBXFileReference; lastKnownFileType = file.xib; path = ProfileSettingsViewController.xib; sourceTree = "<group>"; };
		2DC3B7C527E76F6B00B5DC24 /* UITextView+Extension.swift */ = {isa = PBXFileReference; lastKnownFileType = sourcecode.swift; path = "UITextView+Extension.swift"; sourceTree = "<group>"; };
		51A76C56C6007A512E694044 /* Pods_SecureMessanger.framework */ = {isa = PBXFileReference; explicitFileType = wrapper.framework; includeInIndex = 0; path = Pods_SecureMessanger.framework; sourceTree = BUILT_PRODUCTS_DIR; };
		6E424E6E241B0335E9F31BAE /* Pods-SecureMessanger.release.xcconfig */ = {isa = PBXFileReference; includeInIndex = 1; lastKnownFileType = text.xcconfig; name = "Pods-SecureMessanger.release.xcconfig"; path = "Target Support Files/Pods-SecureMessanger/Pods-SecureMessanger.release.xcconfig"; sourceTree = "<group>"; };
		8980E4B84B752C2E2341800B /* Pods-SecureMessanger.debug.xcconfig */ = {isa = PBXFileReference; includeInIndex = 1; lastKnownFileType = text.xcconfig; name = "Pods-SecureMessanger.debug.xcconfig"; path = "Target Support Files/Pods-SecureMessanger/Pods-SecureMessanger.debug.xcconfig"; sourceTree = "<group>"; };
/* End PBXFileReference section */

/* Begin PBXFrameworksBuildPhase section */
		2D5F169627E4CD390089E504 /* Frameworks */ = {
			isa = PBXFrameworksBuildPhase;
			buildActionMask = 2147483647;
			files = (
				609707F2E176BA6E81DA281B /* Pods_SecureMessanger.framework in Frameworks */,
			);
			runOnlyForDeploymentPostprocessing = 0;
		};
/* End PBXFrameworksBuildPhase section */

/* Begin PBXGroup section */
		2D5F169027E4CD390089E504 = {
			isa = PBXGroup;
			children = (
				2D5F169B27E4CD390089E504 /* SecureMessanger */,
				2D5F169A27E4CD390089E504 /* Products */,
				88A03C93C720F2644B4AE295 /* Pods */,
				853CC5ABA1271FE6C0ECD3D9 /* Frameworks */,
			);
			sourceTree = "<group>";
		};
		2D5F169A27E4CD390089E504 /* Products */ = {
			isa = PBXGroup;
			children = (
				2D5F169927E4CD390089E504 /* SecureMessanger.app */,
			);
			name = Products;
			sourceTree = "<group>";
		};
		2D5F169B27E4CD390089E504 /* SecureMessanger */ = {
			isa = PBXGroup;
			children = (
				2D5F16C227E4D96A0089E504 /* Services */,
				2D5F16BF27E4D6920089E504 /* Protocols */,
				2D5F16B327E4CEB10089E504 /* Resources */,
				2D5F16B227E4CEA80089E504 /* Extensions */,
				2D5F16B127E4CEA00089E504 /* Models */,
				2D5F16B027E4CE940089E504 /* Controllers */,
				2D5F169C27E4CD390089E504 /* AppDelegate.swift */,
				2D5F169E27E4CD390089E504 /* SceneDelegate.swift */,
				2D5F16A527E4CD3B0089E504 /* Assets.xcassets */,
				2D5F16A727E4CD3B0089E504 /* LaunchScreen.storyboard */,
				2D5F16AA27E4CD3B0089E504 /* Info.plist */,
			);
			path = SecureMessanger;
			sourceTree = "<group>";
		};
		2D5F16B027E4CE940089E504 /* Controllers */ = {
			isa = PBXGroup;
			children = (
				2DC3B7BA27E7344900B5DC24 /* ProfileSettingsViewController */,
				2D5F16D027E4EA240089E504 /* ConfirmPhoneNumberViewController */,
				2D5F16C527E4D9D40089E504 /* LoginViewController */,
				2D5F16B427E4CFBA0089E504 /* WelcomeViewController */,
			);
			path = Controllers;
			sourceTree = "<group>";
		};
		2D5F16B127E4CEA00089E504 /* Models */ = {
			isa = PBXGroup;
			children = (
			);
			path = Models;
			sourceTree = "<group>";
		};
		2D5F16B227E4CEA80089E504 /* Extensions */ = {
			isa = PBXGroup;
			children = (
				2D5F16BD27E4D18B0089E504 /* UIView+Extension.swift */,
				2D5F16CE27E4E7F30089E504 /* UIViewController+Extension.swift */,
				2DC3B7C527E76F6B00B5DC24 /* UITextView+Extension.swift */,
			);
			path = Extensions;
			sourceTree = "<group>";
		};
		2D5F16B327E4CEB10089E504 /* Resources */ = {
			isa = PBXGroup;
			children = (
			);
			path = Resources;
			sourceTree = "<group>";
		};
		2D5F16B427E4CFBA0089E504 /* WelcomeViewController */ = {
			isa = PBXGroup;
			children = (
				2D5F16B627E4CFE10089E504 /* Controller */,
				2D5F16B527E4CFDC0089E504 /* View */,
			);
			path = WelcomeViewController;
			sourceTree = "<group>";
		};
		2D5F16B527E4CFDC0089E504 /* View */ = {
			isa = PBXGroup;
			children = (
				2D5F16BB27E4D0220089E504 /* WelcomeView.swift */,
			);
			path = View;
			sourceTree = "<group>";
		};
		2D5F16B627E4CFE10089E504 /* Controller */ = {
			isa = PBXGroup;
			children = (
				2D5F16B727E4CFF90089E504 /* WelcomeViewController.swift */,
				2D5F16B827E4CFF90089E504 /* WelcomeViewController.xib */,
			);
			path = Controller;
			sourceTree = "<group>";
		};
		2D5F16BF27E4D6920089E504 /* Protocols */ = {
			isa = PBXGroup;
			children = (
				2D5F16C027E4D6A70089E504 /* RootViewProtocol.swift */,
			);
			path = Protocols;
			sourceTree = "<group>";
		};
		2D5F16C227E4D96A0089E504 /* Services */ = {
			isa = PBXGroup;
			children = (
				2D5F16C327E4D9720089E504 /* NavigationService.swift */,
			);
			path = Services;
			sourceTree = "<group>";
		};
		2D5F16C527E4D9D40089E504 /* LoginViewController */ = {
			isa = PBXGroup;
			children = (
				2D5F16CB27E4D9F80089E504 /* View */,
				2D5F16CA27E4D9E80089E504 /* Controller */,
			);
			path = LoginViewController;
			sourceTree = "<group>";
		};
		2D5F16CA27E4D9E80089E504 /* Controller */ = {
			isa = PBXGroup;
			children = (
				2D5F16C627E4D9E20089E504 /* LoginViewController.swift */,
				2D5F16C727E4D9E20089E504 /* LoginViewController.xib */,
			);
			path = Controller;
			sourceTree = "<group>";
		};
		2D5F16CB27E4D9F80089E504 /* View */ = {
			isa = PBXGroup;
			children = (
				2D5F16CC27E4DA040089E504 /* LoginView.swift */,
			);
			path = View;
			sourceTree = "<group>";
		};
		2D5F16D027E4EA240089E504 /* ConfirmPhoneNumberViewController */ = {
			isa = PBXGroup;
			children = (
				2D5F16D227E4EA430089E504 /* Controller */,
				2D5F16D127E4EA390089E504 /* View */,
			);
			path = ConfirmPhoneNumberViewController;
			sourceTree = "<group>";
		};
		2D5F16D127E4EA390089E504 /* View */ = {
			isa = PBXGroup;
			children = (
				2D5F16D727E4EA630089E504 /* ConfirmPhoneNumberView.swift */,
			);
			path = View;
			sourceTree = "<group>";
		};
		2D5F16D227E4EA430089E504 /* Controller */ = {
			isa = PBXGroup;
			children = (
				2D5F16D327E4EA550089E504 /* ConfirmPhoneNumberViewController.swift */,
				2D5F16D427E4EA550089E504 /* ConfirmPhoneNumberViewController.xib */,
			);
			path = Controller;
			sourceTree = "<group>";
		};
		2DC3B7BA27E7344900B5DC24 /* ProfileSettingsViewController */ = {
			isa = PBXGroup;
			children = (
				2DC3B7BC27E7347B00B5DC24 /* View */,
				2DC3B7BB27E7347400B5DC24 /* Controller */,
			);
			path = ProfileSettingsViewController;
			sourceTree = "<group>";
		};
		2DC3B7BB27E7347400B5DC24 /* Controller */ = {
			isa = PBXGroup;
			children = (
				2DC3B7C127E734B000B5DC24 /* ProfileSettingsViewController.swift */,
				2DC3B7C227E734B000B5DC24 /* ProfileSettingsViewController.xib */,
			);
			path = Controller;
			sourceTree = "<group>";
		};
		2DC3B7BC27E7347B00B5DC24 /* View */ = {
			isa = PBXGroup;
			children = (
				2DC3B7BF27E7349200B5DC24 /* ProfileSettingsView.swift */,
			);
			path = View;
			sourceTree = "<group>";
		};
		853CC5ABA1271FE6C0ECD3D9 /* Frameworks */ = {
			isa = PBXGroup;
			children = (
				51A76C56C6007A512E694044 /* Pods_SecureMessanger.framework */,
			);
			name = Frameworks;
			sourceTree = "<group>";
		};
		88A03C93C720F2644B4AE295 /* Pods */ = {
			isa = PBXGroup;
			children = (
				8980E4B84B752C2E2341800B /* Pods-SecureMessanger.debug.xcconfig */,
				6E424E6E241B0335E9F31BAE /* Pods-SecureMessanger.release.xcconfig */,
			);
			path = Pods;
			sourceTree = "<group>";
		};
/* End PBXGroup section */

/* Begin PBXNativeTarget section */
		2D5F169827E4CD390089E504 /* SecureMessanger */ = {
			isa = PBXNativeTarget;
			buildConfigurationList = 2D5F16AD27E4CD3B0089E504 /* Build configuration list for PBXNativeTarget "SecureMessanger" */;
			buildPhases = (
				804462563785119D75695DBA /* [CP] Check Pods Manifest.lock */,
				2D5F169527E4CD390089E504 /* Sources */,
				2D5F169627E4CD390089E504 /* Frameworks */,
				2D5F169727E4CD390089E504 /* Resources */,
				E11BAA9A5527EC27CFB8A6BF /* [CP] Embed Pods Frameworks */,
			);
			buildRules = (
			);
			dependencies = (
			);
			name = SecureMessanger;
			productName = SecureMessanger;
			productReference = 2D5F169927E4CD390089E504 /* SecureMessanger.app */;
			productType = "com.apple.product-type.application";
		};
/* End PBXNativeTarget section */

/* Begin PBXProject section */
		2D5F169127E4CD390089E504 /* Project object */ = {
			isa = PBXProject;
			attributes = {
				BuildIndependentTargetsInParallel = 1;
				LastSwiftUpdateCheck = 1320;
				LastUpgradeCheck = 1320;
				TargetAttributes = {
					2D5F169827E4CD390089E504 = {
						CreatedOnToolsVersion = 13.2.1;
					};
				};
			};
			buildConfigurationList = 2D5F169427E4CD390089E504 /* Build configuration list for PBXProject "SecureMessanger" */;
			compatibilityVersion = "Xcode 13.0";
			developmentRegion = en;
			hasScannedForEncodings = 0;
			knownRegions = (
				en,
				Base,
			);
			mainGroup = 2D5F169027E4CD390089E504;
			productRefGroup = 2D5F169A27E4CD390089E504 /* Products */;
			projectDirPath = "";
			projectRoot = "";
			targets = (
				2D5F169827E4CD390089E504 /* SecureMessanger */,
			);
		};
/* End PBXProject section */

/* Begin PBXResourcesBuildPhase section */
		2D5F169727E4CD390089E504 /* Resources */ = {
			isa = PBXResourcesBuildPhase;
			buildActionMask = 2147483647;
			files = (
				2D5F16C927E4D9E20089E504 /* LoginViewController.xib in Resources */,
				2D5F16A927E4CD3B0089E504 /* LaunchScreen.storyboard in Resources */,
				2D5F16D627E4EA550089E504 /* ConfirmPhoneNumberViewController.xib in Resources */,
				2DC3B7C427E734B000B5DC24 /* ProfileSettingsViewController.xib in Resources */,
				2D5F16A627E4CD3B0089E504 /* Assets.xcassets in Resources */,
				2D5F16BA27E4CFF90089E504 /* WelcomeViewController.xib in Resources */,
			);
			runOnlyForDeploymentPostprocessing = 0;
		};
/* End PBXResourcesBuildPhase section */

/* Begin PBXShellScriptBuildPhase section */
		804462563785119D75695DBA /* [CP] Check Pods Manifest.lock */ = {
			isa = PBXShellScriptBuildPhase;
			buildActionMask = 2147483647;
			files = (
			);
			inputFileListPaths = (
			);
			inputPaths = (
				"${PODS_PODFILE_DIR_PATH}/Podfile.lock",
				"${PODS_ROOT}/Manifest.lock",
			);
			name = "[CP] Check Pods Manifest.lock";
			outputFileListPaths = (
			);
			outputPaths = (
				"$(DERIVED_FILE_DIR)/Pods-SecureMessanger-checkManifestLockResult.txt",
			);
			runOnlyForDeploymentPostprocessing = 0;
			shellPath = /bin/sh;
			shellScript = "diff \"${PODS_PODFILE_DIR_PATH}/Podfile.lock\" \"${PODS_ROOT}/Manifest.lock\" > /dev/null\nif [ $? != 0 ] ; then\n    # print error to STDERR\n    echo \"error: The sandbox is not in sync with the Podfile.lock. Run 'pod install' or update your CocoaPods installation.\" >&2\n    exit 1\nfi\n# This output is used by Xcode 'outputs' to avoid re-running this script phase.\necho \"SUCCESS\" > \"${SCRIPT_OUTPUT_FILE_0}\"\n";
			showEnvVarsInLog = 0;
		};
		E11BAA9A5527EC27CFB8A6BF /* [CP] Embed Pods Frameworks */ = {
			isa = PBXShellScriptBuildPhase;
			buildActionMask = 2147483647;
			files = (
			);
			inputFileListPaths = (
				"${PODS_ROOT}/Target Support Files/Pods-SecureMessanger/Pods-SecureMessanger-frameworks-${CONFIGURATION}-input-files.xcfilelist",
			);
			name = "[CP] Embed Pods Frameworks";
			outputFileListPaths = (
				"${PODS_ROOT}/Target Support Files/Pods-SecureMessanger/Pods-SecureMessanger-frameworks-${CONFIGURATION}-output-files.xcfilelist",
			);
			runOnlyForDeploymentPostprocessing = 0;
			shellPath = /bin/sh;
			shellScript = "\"${PODS_ROOT}/Target Support Files/Pods-SecureMessanger/Pods-SecureMessanger-frameworks.sh\"\n";
			showEnvVarsInLog = 0;
		};
/* End PBXShellScriptBuildPhase section */

/* Begin PBXSourcesBuildPhase section */
		2D5F169527E4CD390089E504 /* Sources */ = {
			isa = PBXSourcesBuildPhase;
			buildActionMask = 2147483647;
			files = (
				2D5F16C127E4D6A70089E504 /* RootViewProtocol.swift in Sources */,
				2D5F16B927E4CFF90089E504 /* WelcomeViewController.swift in Sources */,
				2D5F169D27E4CD390089E504 /* AppDelegate.swift in Sources */,
				2DC3B7C327E734B000B5DC24 /* ProfileSettingsViewController.swift in Sources */,
				2D5F16CD27E4DA040089E504 /* LoginView.swift in Sources */,
				2D5F16D527E4EA550089E504 /* ConfirmPhoneNumberViewController.swift in Sources */,
				2D5F169F27E4CD390089E504 /* SceneDelegate.swift in Sources */,
				2D5F16C827E4D9E20089E504 /* LoginViewController.swift in Sources */,
				2DC3B7C627E76F6B00B5DC24 /* UITextView+Extension.swift in Sources */,
				2D5F16BE27E4D18B0089E504 /* UIView+Extension.swift in Sources */,
				2D5F16BC27E4D0220089E504 /* WelcomeView.swift in Sources */,
				2D5F16CF27E4E7F30089E504 /* UIViewController+Extension.swift in Sources */,
				2D5F16C427E4D9720089E504 /* NavigationService.swift in Sources */,
				2D5F16D827E4EA630089E504 /* ConfirmPhoneNumberView.swift in Sources */,
				2DC3B7C027E7349200B5DC24 /* ProfileSettingsView.swift in Sources */,
			);
			runOnlyForDeploymentPostprocessing = 0;
		};
/* End PBXSourcesBuildPhase section */

/* Begin PBXVariantGroup section */
		2D5F16A727E4CD3B0089E504 /* LaunchScreen.storyboard */ = {
			isa = PBXVariantGroup;
			children = (
				2D5F16A827E4CD3B0089E504 /* Base */,
			);
			name = LaunchScreen.storyboard;
			sourceTree = "<group>";
		};
/* End PBXVariantGroup section */

/* Begin XCBuildConfiguration section */
		2D5F16AB27E4CD3B0089E504 /* Debug */ = {
			isa = XCBuildConfiguration;
			buildSettings = {
				ALWAYS_SEARCH_USER_PATHS = NO;
				CLANG_ANALYZER_NONNULL = YES;
				CLANG_ANALYZER_NUMBER_OBJECT_CONVERSION = YES_AGGRESSIVE;
				CLANG_CXX_LANGUAGE_STANDARD = "gnu++17";
				CLANG_CXX_LIBRARY = "libc++";
				CLANG_ENABLE_MODULES = YES;
				CLANG_ENABLE_OBJC_ARC = YES;
				CLANG_ENABLE_OBJC_WEAK = YES;
				CLANG_WARN_BLOCK_CAPTURE_AUTORELEASING = YES;
				CLANG_WARN_BOOL_CONVERSION = YES;
				CLANG_WARN_COMMA = YES;
				CLANG_WARN_CONSTANT_CONVERSION = YES;
				CLANG_WARN_DEPRECATED_OBJC_IMPLEMENTATIONS = YES;
				CLANG_WARN_DIRECT_OBJC_ISA_USAGE = YES_ERROR;
				CLANG_WARN_DOCUMENTATION_COMMENTS = YES;
				CLANG_WARN_EMPTY_BODY = YES;
				CLANG_WARN_ENUM_CONVERSION = YES;
				CLANG_WARN_INFINITE_RECURSION = YES;
				CLANG_WARN_INT_CONVERSION = YES;
				CLANG_WARN_NON_LITERAL_NULL_CONVERSION = YES;
				CLANG_WARN_OBJC_IMPLICIT_RETAIN_SELF = YES;
				CLANG_WARN_OBJC_LITERAL_CONVERSION = YES;
				CLANG_WARN_OBJC_ROOT_CLASS = YES_ERROR;
				CLANG_WARN_QUOTED_INCLUDE_IN_FRAMEWORK_HEADER = YES;
				CLANG_WARN_RANGE_LOOP_ANALYSIS = YES;
				CLANG_WARN_STRICT_PROTOTYPES = YES;
				CLANG_WARN_SUSPICIOUS_MOVE = YES;
				CLANG_WARN_UNGUARDED_AVAILABILITY = YES_AGGRESSIVE;
				CLANG_WARN_UNREACHABLE_CODE = YES;
				CLANG_WARN__DUPLICATE_METHOD_MATCH = YES;
				COPY_PHASE_STRIP = NO;
				DEBUG_INFORMATION_FORMAT = dwarf;
				ENABLE_STRICT_OBJC_MSGSEND = YES;
				ENABLE_TESTABILITY = YES;
				GCC_C_LANGUAGE_STANDARD = gnu11;
				GCC_DYNAMIC_NO_PIC = NO;
				GCC_NO_COMMON_BLOCKS = YES;
				GCC_OPTIMIZATION_LEVEL = 0;
				GCC_PREPROCESSOR_DEFINITIONS = (
					"DEBUG=1",
					"$(inherited)",
				);
				GCC_WARN_64_TO_32_BIT_CONVERSION = YES;
				GCC_WARN_ABOUT_RETURN_TYPE = YES_ERROR;
				GCC_WARN_UNDECLARED_SELECTOR = YES;
				GCC_WARN_UNINITIALIZED_AUTOS = YES_AGGRESSIVE;
				GCC_WARN_UNUSED_FUNCTION = YES;
				GCC_WARN_UNUSED_VARIABLE = YES;
				IPHONEOS_DEPLOYMENT_TARGET = 15.2;
				MTL_ENABLE_DEBUG_INFO = INCLUDE_SOURCE;
				MTL_FAST_MATH = YES;
				ONLY_ACTIVE_ARCH = YES;
				SDKROOT = iphoneos;
				SWIFT_ACTIVE_COMPILATION_CONDITIONS = DEBUG;
				SWIFT_OPTIMIZATION_LEVEL = "-Onone";
			};
			name = Debug;
		};
		2D5F16AC27E4CD3B0089E504 /* Release */ = {
			isa = XCBuildConfiguration;
			buildSettings = {
				ALWAYS_SEARCH_USER_PATHS = NO;
				CLANG_ANALYZER_NONNULL = YES;
				CLANG_ANALYZER_NUMBER_OBJECT_CONVERSION = YES_AGGRESSIVE;
				CLANG_CXX_LANGUAGE_STANDARD = "gnu++17";
				CLANG_CXX_LIBRARY = "libc++";
				CLANG_ENABLE_MODULES = YES;
				CLANG_ENABLE_OBJC_ARC = YES;
				CLANG_ENABLE_OBJC_WEAK = YES;
				CLANG_WARN_BLOCK_CAPTURE_AUTORELEASING = YES;
				CLANG_WARN_BOOL_CONVERSION = YES;
				CLANG_WARN_COMMA = YES;
				CLANG_WARN_CONSTANT_CONVERSION = YES;
				CLANG_WARN_DEPRECATED_OBJC_IMPLEMENTATIONS = YES;
				CLANG_WARN_DIRECT_OBJC_ISA_USAGE = YES_ERROR;
				CLANG_WARN_DOCUMENTATION_COMMENTS = YES;
				CLANG_WARN_EMPTY_BODY = YES;
				CLANG_WARN_ENUM_CONVERSION = YES;
				CLANG_WARN_INFINITE_RECURSION = YES;
				CLANG_WARN_INT_CONVERSION = YES;
				CLANG_WARN_NON_LITERAL_NULL_CONVERSION = YES;
				CLANG_WARN_OBJC_IMPLICIT_RETAIN_SELF = YES;
				CLANG_WARN_OBJC_LITERAL_CONVERSION = YES;
				CLANG_WARN_OBJC_ROOT_CLASS = YES_ERROR;
				CLANG_WARN_QUOTED_INCLUDE_IN_FRAMEWORK_HEADER = YES;
				CLANG_WARN_RANGE_LOOP_ANALYSIS = YES;
				CLANG_WARN_STRICT_PROTOTYPES = YES;
				CLANG_WARN_SUSPICIOUS_MOVE = YES;
				CLANG_WARN_UNGUARDED_AVAILABILITY = YES_AGGRESSIVE;
				CLANG_WARN_UNREACHABLE_CODE = YES;
				CLANG_WARN__DUPLICATE_METHOD_MATCH = YES;
				COPY_PHASE_STRIP = NO;
				DEBUG_INFORMATION_FORMAT = "dwarf-with-dsym";
				ENABLE_NS_ASSERTIONS = NO;
				ENABLE_STRICT_OBJC_MSGSEND = YES;
				GCC_C_LANGUAGE_STANDARD = gnu11;
				GCC_NO_COMMON_BLOCKS = YES;
				GCC_WARN_64_TO_32_BIT_CONVERSION = YES;
				GCC_WARN_ABOUT_RETURN_TYPE = YES_ERROR;
				GCC_WARN_UNDECLARED_SELECTOR = YES;
				GCC_WARN_UNINITIALIZED_AUTOS = YES_AGGRESSIVE;
				GCC_WARN_UNUSED_FUNCTION = YES;
				GCC_WARN_UNUSED_VARIABLE = YES;
				IPHONEOS_DEPLOYMENT_TARGET = 15.2;
				MTL_ENABLE_DEBUG_INFO = NO;
				MTL_FAST_MATH = YES;
				SDKROOT = iphoneos;
				SWIFT_COMPILATION_MODE = wholemodule;
				SWIFT_OPTIMIZATION_LEVEL = "-O";
				VALIDATE_PRODUCT = YES;
			};
			name = Release;
		};
		2D5F16AE27E4CD3B0089E504 /* Debug */ = {
			isa = XCBuildConfiguration;
			baseConfigurationReference = 8980E4B84B752C2E2341800B /* Pods-SecureMessanger.debug.xcconfig */;
			buildSettings = {
				ASSETCATALOG_COMPILER_APPICON_NAME = AppIcon;
				ASSETCATALOG_COMPILER_GLOBAL_ACCENT_COLOR_NAME = AccentColor;
				CODE_SIGN_STYLE = Automatic;
				CURRENT_PROJECT_VERSION = 1;
				DEVELOPMENT_TEAM = HP792V2S63;
				GENERATE_INFOPLIST_FILE = YES;
				INFOPLIST_FILE = SecureMessanger/Info.plist;
				INFOPLIST_KEY_UIApplicationSupportsIndirectInputEvents = YES;
				INFOPLIST_KEY_UILaunchStoryboardName = LaunchScreen;
				INFOPLIST_KEY_UIMainStoryboardFile = LaunchScreen;
				INFOPLIST_KEY_UISupportedInterfaceOrientations = UIInterfaceOrientationPortrait;
				INFOPLIST_KEY_UISupportedInterfaceOrientations_iPad = "UIInterfaceOrientationPortrait UIInterfaceOrientationPortraitUpsideDown UIInterfaceOrientationLandscapeLeft UIInterfaceOrientationLandscapeRight";
				INFOPLIST_KEY_UISupportedInterfaceOrientations_iPhone = "UIInterfaceOrientationPortrait UIInterfaceOrientationLandscapeLeft UIInterfaceOrientationLandscapeRight";
				IPHONEOS_DEPLOYMENT_TARGET = 14.0;
				LD_RUNPATH_SEARCH_PATHS = (
					"$(inherited)",
					"@executable_path/Frameworks",
				);
				MARKETING_VERSION = 1.0;
				PRODUCT_BUNDLE_IDENTIFIER = com.paidych.SecureMessanger;
				PRODUCT_NAME = "$(TARGET_NAME)";
				SWIFT_EMIT_LOC_STRINGS = YES;
				SWIFT_VERSION = 5.0;
				TARGETED_DEVICE_FAMILY = 1;
			};
			name = Debug;
		};
		2D5F16AF27E4CD3B0089E504 /* Release */ = {
			isa = XCBuildConfiguration;
			baseConfigurationReference = 6E424E6E241B0335E9F31BAE /* Pods-SecureMessanger.release.xcconfig */;
			buildSettings = {
				ASSETCATALOG_COMPILER_APPICON_NAME = AppIcon;
				ASSETCATALOG_COMPILER_GLOBAL_ACCENT_COLOR_NAME = AccentColor;
				CODE_SIGN_STYLE = Automatic;
				CURRENT_PROJECT_VERSION = 1;
				DEVELOPMENT_TEAM = HP792V2S63;
				GENERATE_INFOPLIST_FILE = YES;
				INFOPLIST_FILE = SecureMessanger/Info.plist;
				INFOPLIST_KEY_UIApplicationSupportsIndirectInputEvents = YES;
				INFOPLIST_KEY_UILaunchStoryboardName = LaunchScreen;
				INFOPLIST_KEY_UIMainStoryboardFile = LaunchScreen;
				INFOPLIST_KEY_UISupportedInterfaceOrientations = UIInterfaceOrientationPortrait;
				INFOPLIST_KEY_UISupportedInterfaceOrientations_iPad = "UIInterfaceOrientationPortrait UIInterfaceOrientationPortraitUpsideDown UIInterfaceOrientationLandscapeLeft UIInterfaceOrientationLandscapeRight";
				INFOPLIST_KEY_UISupportedInterfaceOrientations_iPhone = "UIInterfaceOrientationPortrait UIInterfaceOrientationLandscapeLeft UIInterfaceOrientationLandscapeRight";
				IPHONEOS_DEPLOYMENT_TARGET = 14.0;
				LD_RUNPATH_SEARCH_PATHS = (
					"$(inherited)",
					"@executable_path/Frameworks",
				);
				MARKETING_VERSION = 1.0;
				PRODUCT_BUNDLE_IDENTIFIER = com.paidych.SecureMessanger;
				PRODUCT_NAME = "$(TARGET_NAME)";
				SWIFT_EMIT_LOC_STRINGS = YES;
				SWIFT_VERSION = 5.0;
				TARGETED_DEVICE_FAMILY = 1;
			};
			name = Release;
		};
/* End XCBuildConfiguration section */

/* Begin XCConfigurationList section */
		2D5F169427E4CD390089E504 /* Build configuration list for PBXProject "SecureMessanger" */ = {
			isa = XCConfigurationList;
			buildConfigurations = (
				2D5F16AB27E4CD3B0089E504 /* Debug */,
				2D5F16AC27E4CD3B0089E504 /* Release */,
			);
			defaultConfigurationIsVisible = 0;
			defaultConfigurationName = Release;
		};
		2D5F16AD27E4CD3B0089E504 /* Build configuration list for PBXNativeTarget "SecureMessanger" */ = {
			isa = XCConfigurationList;
			buildConfigurations = (
				2D5F16AE27E4CD3B0089E504 /* Debug */,
				2D5F16AF27E4CD3B0089E504 /* Release */,
			);
			defaultConfigurationIsVisible = 0;
			defaultConfigurationName = Release;
		};
/* End XCConfigurationList section */
	};
	rootObject = 2D5F169127E4CD390089E504 /* Project object */;
}
