// !$*UTF8*$!
{
	archiveVersion = 1;
	classes = {
	};
	objectVersion = 55;
	objects = {

/* Begin PBXBuildFile section */
		2D1893902839082C006A2D64 /* Message.swift in Sources */ = {isa = PBXBuildFile; fileRef = 2D18938F2839082C006A2D64 /* Message.swift */; };
		2D47E203282EB6C000AE258E /* String+Extension.swift in Sources */ = {isa = PBXBuildFile; fileRef = 2D47E202282EB6C000AE258E /* String+Extension.swift */; };
		2D47E20B282EBA5100AE258E /* CryptoSwift in Frameworks */ = {isa = PBXBuildFile; productRef = 2D47E20A282EBA5100AE258E /* CryptoSwift */; };
		2D5F169D27E4CD390089E504 /* AppDelegate.swift in Sources */ = {isa = PBXBuildFile; fileRef = 2D5F169C27E4CD390089E504 /* AppDelegate.swift */; };
		2D5F169F27E4CD390089E504 /* SceneDelegate.swift in Sources */ = {isa = PBXBuildFile; fileRef = 2D5F169E27E4CD390089E504 /* SceneDelegate.swift */; };
		2D5F16A627E4CD3B0089E504 /* Assets.xcassets in Resources */ = {isa = PBXBuildFile; fileRef = 2D5F16A527E4CD3B0089E504 /* Assets.xcassets */; };
		2D5F16A927E4CD3B0089E504 /* LaunchScreen.storyboard in Resources */ = {isa = PBXBuildFile; fileRef = 2D5F16A727E4CD3B0089E504 /* LaunchScreen.storyboard */; };
		2D5F16B927E4CFF90089E504 /* WelcomeViewController.swift in Sources */ = {isa = PBXBuildFile; fileRef = 2D5F16B727E4CFF90089E504 /* WelcomeViewController.swift */; };
		2D5F16BA27E4CFF90089E504 /* WelcomeViewController.xib in Resources */ = {isa = PBXBuildFile; fileRef = 2D5F16B827E4CFF90089E504 /* WelcomeViewController.xib */; };
		2D5F16BC27E4D0220089E504 /* WelcomeView.swift in Sources */ = {isa = PBXBuildFile; fileRef = 2D5F16BB27E4D0220089E504 /* WelcomeView.swift */; };
		2D5F16BE27E4D18B0089E504 /* UIView+Extension.swift in Sources */ = {isa = PBXBuildFile; fileRef = 2D5F16BD27E4D18B0089E504 /* UIView+Extension.swift */; };
		2D5F16C127E4D6A70089E504 /* RootViewProtocol.swift in Sources */ = {isa = PBXBuildFile; fileRef = 2D5F16C027E4D6A70089E504 /* RootViewProtocol.swift */; };
		2D5F16C427E4D9720089E504 /* NavigationService.swift in Sources */ = {isa = PBXBuildFile; fileRef = 2D5F16C327E4D9720089E504 /* NavigationService.swift */; };
		2D5F16C827E4D9E20089E504 /* LoginViewController.swift in Sources */ = {isa = PBXBuildFile; fileRef = 2D5F16C627E4D9E20089E504 /* LoginViewController.swift */; };
		2D5F16C927E4D9E20089E504 /* LoginViewController.xib in Resources */ = {isa = PBXBuildFile; fileRef = 2D5F16C727E4D9E20089E504 /* LoginViewController.xib */; };
		2D5F16CD27E4DA040089E504 /* LoginView.swift in Sources */ = {isa = PBXBuildFile; fileRef = 2D5F16CC27E4DA040089E504 /* LoginView.swift */; };
		2D5F16CF27E4E7F30089E504 /* UIViewController+Extension.swift in Sources */ = {isa = PBXBuildFile; fileRef = 2D5F16CE27E4E7F30089E504 /* UIViewController+Extension.swift */; };
		2D5F16D527E4EA550089E504 /* ConfirmPhoneNumberViewController.swift in Sources */ = {isa = PBXBuildFile; fileRef = 2D5F16D327E4EA550089E504 /* ConfirmPhoneNumberViewController.swift */; };
		2D5F16D627E4EA550089E504 /* ConfirmPhoneNumberViewController.xib in Resources */ = {isa = PBXBuildFile; fileRef = 2D5F16D427E4EA550089E504 /* ConfirmPhoneNumberViewController.xib */; };
		2D5F16D827E4EA630089E504 /* ConfirmPhoneNumberView.swift in Sources */ = {isa = PBXBuildFile; fileRef = 2D5F16D727E4EA630089E504 /* ConfirmPhoneNumberView.swift */; };
		2D6244F5283562FA0094DD04 /* ApiErrors.swift in Sources */ = {isa = PBXBuildFile; fileRef = 2D6244F4283562FA0094DD04 /* ApiErrors.swift */; };
		2D6244F7283563150094DD04 /* DictionaryDecoder.swift in Sources */ = {isa = PBXBuildFile; fileRef = 2D6244F6283563150094DD04 /* DictionaryDecoder.swift */; };
		2D6244F928356C870094DD04 /* UpdateUserRequest.swift in Sources */ = {isa = PBXBuildFile; fileRef = 2D6244F828356C870094DD04 /* UpdateUserRequest.swift */; };
		2D6244FB283688520094DD04 /* Date+Extension.swift in Sources */ = {isa = PBXBuildFile; fileRef = 2D6244FA283688520094DD04 /* Date+Extension.swift */; };
		2D62450128368E450094DD04 /* CreateChatViewController.swift in Sources */ = {isa = PBXBuildFile; fileRef = 2D6244FF28368E450094DD04 /* CreateChatViewController.swift */; };
		2D62450228368E450094DD04 /* CreateChatViewController.xib in Resources */ = {isa = PBXBuildFile; fileRef = 2D62450028368E450094DD04 /* CreateChatViewController.xib */; };
		2D62450428368E520094DD04 /* CreateChatView.swift in Sources */ = {isa = PBXBuildFile; fileRef = 2D62450328368E520094DD04 /* CreateChatView.swift */; };
		2D62450A2836A69A0094DD04 /* FindMemberViewController.swift in Sources */ = {isa = PBXBuildFile; fileRef = 2D6245082836A69A0094DD04 /* FindMemberViewController.swift */; };
		2D62450B2836A69A0094DD04 /* FindMemberViewController.xib in Resources */ = {isa = PBXBuildFile; fileRef = 2D6245092836A69A0094DD04 /* FindMemberViewController.xib */; };
		2D62450D2836A6A80094DD04 /* FindMemberView.swift in Sources */ = {isa = PBXBuildFile; fileRef = 2D62450C2836A6A80094DD04 /* FindMemberView.swift */; };
		2D6245112836A8B90094DD04 /* MemberTableViewCell.swift in Sources */ = {isa = PBXBuildFile; fileRef = 2D62450F2836A8B90094DD04 /* MemberTableViewCell.swift */; };
		2D6245122836A8B90094DD04 /* MemberTableViewCell.xib in Resources */ = {isa = PBXBuildFile; fileRef = 2D6245102836A8B90094DD04 /* MemberTableViewCell.xib */; };
		2D6245142836B3FE0094DD04 /* CreateChatRequest.swift in Sources */ = {isa = PBXBuildFile; fileRef = 2D6245132836B3FE0094DD04 /* CreateChatRequest.swift */; };
		2D6245162837A5620094DD04 /* ConversationViewController.swift in Sources */ = {isa = PBXBuildFile; fileRef = 2D6245152837A5620094DD04 /* ConversationViewController.swift */; };
		2D6245182837EEF50094DD04 /* CreateMessageRequest.swift in Sources */ = {isa = PBXBuildFile; fileRef = 2D6245172837EEF50094DD04 /* CreateMessageRequest.swift */; };
		2D72CF8727E78548002D2924 /* MainTabBarViewController.swift in Sources */ = {isa = PBXBuildFile; fileRef = 2D72CF8627E78548002D2924 /* MainTabBarViewController.swift */; };
		2D72CF8C27E78978002D2924 /* ContactsListViewController.swift in Sources */ = {isa = PBXBuildFile; fileRef = 2D72CF8A27E78978002D2924 /* ContactsListViewController.swift */; };
		2D72CF8D27E78978002D2924 /* ContactsListViewController.xib in Resources */ = {isa = PBXBuildFile; fileRef = 2D72CF8B27E78978002D2924 /* ContactsListViewController.xib */; };
		2D72CF9027E78987002D2924 /* ContactsListView.swift in Sources */ = {isa = PBXBuildFile; fileRef = 2D72CF8F27E78987002D2924 /* ContactsListView.swift */; };
		2D72CF9427E78F40002D2924 /* ContactListTableViewCell.swift in Sources */ = {isa = PBXBuildFile; fileRef = 2D72CF9227E78F40002D2924 /* ContactListTableViewCell.swift */; };
		2D72CF9527E78F40002D2924 /* ContactListTableViewCell.xib in Resources */ = {isa = PBXBuildFile; fileRef = 2D72CF9327E78F40002D2924 /* ContactListTableViewCell.xib */; };
		2D72CF9B27E798F2002D2924 /* SettingsViewController.swift in Sources */ = {isa = PBXBuildFile; fileRef = 2D72CF9927E798F2002D2924 /* SettingsViewController.swift */; };
		2D72CF9C27E798F2002D2924 /* SettingsViewController.xib in Resources */ = {isa = PBXBuildFile; fileRef = 2D72CF9A27E798F2002D2924 /* SettingsViewController.xib */; };
		2D72CF9E27E7991A002D2924 /* SettingsView.swift in Sources */ = {isa = PBXBuildFile; fileRef = 2D72CF9D27E7991A002D2924 /* SettingsView.swift */; };
		2D86B31527E89EBA001B44E6 /* ChatViewController.swift in Sources */ = {isa = PBXBuildFile; fileRef = 2D86B31327E89EBA001B44E6 /* ChatViewController.swift */; };
		2D86B31627E89EBA001B44E6 /* ChatViewController.xib in Resources */ = {isa = PBXBuildFile; fileRef = 2D86B31427E89EBA001B44E6 /* ChatViewController.xib */; };
		2D86B31827E89EC4001B44E6 /* ChatView.swift in Sources */ = {isa = PBXBuildFile; fileRef = 2D86B31727E89EC4001B44E6 /* ChatView.swift */; };
		2DA57214282FB575002D9F9F /* CredentialManager.swift in Sources */ = {isa = PBXBuildFile; fileRef = 2DA57213282FB575002D9F9F /* CredentialManager.swift */; };
		2DC3B7C027E7349200B5DC24 /* ProfileSettingsView.swift in Sources */ = {isa = PBXBuildFile; fileRef = 2DC3B7BF27E7349200B5DC24 /* ProfileSettingsView.swift */; };
		2DC3B7C327E734B000B5DC24 /* ProfileSettingsViewController.swift in Sources */ = {isa = PBXBuildFile; fileRef = 2DC3B7C127E734B000B5DC24 /* ProfileSettingsViewController.swift */; };
		2DC3B7C427E734B000B5DC24 /* ProfileSettingsViewController.xib in Resources */ = {isa = PBXBuildFile; fileRef = 2DC3B7C227E734B000B5DC24 /* ProfileSettingsViewController.xib */; };
		2DC3B7C627E76F6B00B5DC24 /* UITextView+Extension.swift in Sources */ = {isa = PBXBuildFile; fileRef = 2DC3B7C527E76F6B00B5DC24 /* UITextView+Extension.swift */; };
		2DC3B7CC27E7764600B5DC24 /* ChatListViewController.swift in Sources */ = {isa = PBXBuildFile; fileRef = 2DC3B7CA27E7764600B5DC24 /* ChatListViewController.swift */; };
		2DC3B7CD27E7764600B5DC24 /* ChatListViewController.xib in Resources */ = {isa = PBXBuildFile; fileRef = 2DC3B7CB27E7764600B5DC24 /* ChatListViewController.xib */; };
		2DC3B7CF27E7769100B5DC24 /* ChatListView.swift in Sources */ = {isa = PBXBuildFile; fileRef = 2DC3B7CE27E7769100B5DC24 /* ChatListView.swift */; };
		2DC3B7D427E778BE00B5DC24 /* ChatListTableViewCell.swift in Sources */ = {isa = PBXBuildFile; fileRef = 2DC3B7D227E778BE00B5DC24 /* ChatListTableViewCell.swift */; };
		2DC3B7D527E778BE00B5DC24 /* ChatListTableViewCell.xib in Resources */ = {isa = PBXBuildFile; fileRef = 2DC3B7D327E778BE00B5DC24 /* ChatListTableViewCell.xib */; };
		2DC3B7D727E778F200B5DC24 /* Chat.swift in Sources */ = {isa = PBXBuildFile; fileRef = 2DC3B7D627E778F200B5DC24 /* Chat.swift */; };
		2DE229392827EF7C00C7776A /* ApiService.swift in Sources */ = {isa = PBXBuildFile; fileRef = 2DE229382827EF7C00C7776A /* ApiService.swift */; };
		2DE2293C2827EFF800C7776A /* User.swift in Sources */ = {isa = PBXBuildFile; fileRef = 2DE2293B2827EFF800C7776A /* User.swift */; };
		609707F2E176BA6E81DA281B /* Pods_SecureMessanger.framework in Frameworks */ = {isa = PBXBuildFile; fileRef = 51A76C56C6007A512E694044 /* Pods_SecureMessanger.framework */; };
/* End PBXBuildFile section */

/* Begin PBXFileReference section */
		2D18938F2839082C006A2D64 /* Message.swift */ = {isa = PBXFileReference; lastKnownFileType = sourcecode.swift; path = Message.swift; sourceTree = "<group>"; };
		2D47E202282EB6C000AE258E /* String+Extension.swift */ = {isa = PBXFileReference; lastKnownFileType = sourcecode.swift; path = "String+Extension.swift"; sourceTree = "<group>"; };
		2D5F169927E4CD390089E504 /* SecureMessanger.app */ = {isa = PBXFileReference; explicitFileType = wrapper.application; includeInIndex = 0; path = SecureMessanger.app; sourceTree = BUILT_PRODUCTS_DIR; };
		2D5F169C27E4CD390089E504 /* AppDelegate.swift */ = {isa = PBXFileReference; lastKnownFileType = sourcecode.swift; path = AppDelegate.swift; sourceTree = "<group>"; };
		2D5F169E27E4CD390089E504 /* SceneDelegate.swift */ = {isa = PBXFileReference; lastKnownFileType = sourcecode.swift; path = SceneDelegate.swift; sourceTree = "<group>"; };
		2D5F16A527E4CD3B0089E504 /* Assets.xcassets */ = {isa = PBXFileReference; lastKnownFileType = folder.assetcatalog; path = Assets.xcassets; sourceTree = "<group>"; };
		2D5F16A827E4CD3B0089E504 /* Base */ = {isa = PBXFileReference; lastKnownFileType = file.storyboard; name = Base; path = Base.lproj/LaunchScreen.storyboard; sourceTree = "<group>"; };
		2D5F16AA27E4CD3B0089E504 /* Info.plist */ = {isa = PBXFileReference; lastKnownFileType = text.plist.xml; path = Info.plist; sourceTree = "<group>"; };
		2D5F16B727E4CFF90089E504 /* WelcomeViewController.swift */ = {isa = PBXFileReference; lastKnownFileType = sourcecode.swift; path = WelcomeViewController.swift; sourceTree = "<group>"; };
		2D5F16B827E4CFF90089E504 /* WelcomeViewController.xib */ = {isa = PBXFileReference; lastKnownFileType = file.xib; path = WelcomeViewController.xib; sourceTree = "<group>"; };
		2D5F16BB27E4D0220089E504 /* WelcomeView.swift */ = {isa = PBXFileReference; lastKnownFileType = sourcecode.swift; path = WelcomeView.swift; sourceTree = "<group>"; };
		2D5F16BD27E4D18B0089E504 /* UIView+Extension.swift */ = {isa = PBXFileReference; lastKnownFileType = sourcecode.swift; path = "UIView+Extension.swift"; sourceTree = "<group>"; };
		2D5F16C027E4D6A70089E504 /* RootViewProtocol.swift */ = {isa = PBXFileReference; lastKnownFileType = sourcecode.swift; path = RootViewProtocol.swift; sourceTree = "<group>"; };
		2D5F16C327E4D9720089E504 /* NavigationService.swift */ = {isa = PBXFileReference; lastKnownFileType = sourcecode.swift; path = NavigationService.swift; sourceTree = "<group>"; };
		2D5F16C627E4D9E20089E504 /* LoginViewController.swift */ = {isa = PBXFileReference; lastKnownFileType = sourcecode.swift; path = LoginViewController.swift; sourceTree = "<group>"; };
		2D5F16C727E4D9E20089E504 /* LoginViewController.xib */ = {isa = PBXFileReference; lastKnownFileType = file.xib; path = LoginViewController.xib; sourceTree = "<group>"; };
		2D5F16CC27E4DA040089E504 /* LoginView.swift */ = {isa = PBXFileReference; lastKnownFileType = sourcecode.swift; path = LoginView.swift; sourceTree = "<group>"; };
		2D5F16CE27E4E7F30089E504 /* UIViewController+Extension.swift */ = {isa = PBXFileReference; lastKnownFileType = sourcecode.swift; path = "UIViewController+Extension.swift"; sourceTree = "<group>"; };
		2D5F16D327E4EA550089E504 /* ConfirmPhoneNumberViewController.swift */ = {isa = PBXFileReference; lastKnownFileType = sourcecode.swift; path = ConfirmPhoneNumberViewController.swift; sourceTree = "<group>"; };
		2D5F16D427E4EA550089E504 /* ConfirmPhoneNumberViewController.xib */ = {isa = PBXFileReference; lastKnownFileType = file.xib; path = ConfirmPhoneNumberViewController.xib; sourceTree = "<group>"; };
		2D5F16D727E4EA630089E504 /* ConfirmPhoneNumberView.swift */ = {isa = PBXFileReference; lastKnownFileType = sourcecode.swift; path = ConfirmPhoneNumberView.swift; sourceTree = "<group>"; };
		2D6244F4283562FA0094DD04 /* ApiErrors.swift */ = {isa = PBXFileReference; lastKnownFileType = sourcecode.swift; path = ApiErrors.swift; sourceTree = "<group>"; };
		2D6244F6283563150094DD04 /* DictionaryDecoder.swift */ = {isa = PBXFileReference; lastKnownFileType = sourcecode.swift; path = DictionaryDecoder.swift; sourceTree = "<group>"; };
		2D6244F828356C870094DD04 /* UpdateUserRequest.swift */ = {isa = PBXFileReference; lastKnownFileType = sourcecode.swift; path = UpdateUserRequest.swift; sourceTree = "<group>"; };
		2D6244FA283688520094DD04 /* Date+Extension.swift */ = {isa = PBXFileReference; lastKnownFileType = sourcecode.swift; path = "Date+Extension.swift"; sourceTree = "<group>"; };
		2D6244FF28368E450094DD04 /* CreateChatViewController.swift */ = {isa = PBXFileReference; lastKnownFileType = sourcecode.swift; path = CreateChatViewController.swift; sourceTree = "<group>"; };
		2D62450028368E450094DD04 /* CreateChatViewController.xib */ = {isa = PBXFileReference; lastKnownFileType = file.xib; path = CreateChatViewController.xib; sourceTree = "<group>"; };
		2D62450328368E520094DD04 /* CreateChatView.swift */ = {isa = PBXFileReference; lastKnownFileType = sourcecode.swift; path = CreateChatView.swift; sourceTree = "<group>"; };
		2D6245082836A69A0094DD04 /* FindMemberViewController.swift */ = {isa = PBXFileReference; lastKnownFileType = sourcecode.swift; path = FindMemberViewController.swift; sourceTree = "<group>"; };
		2D6245092836A69A0094DD04 /* FindMemberViewController.xib */ = {isa = PBXFileReference; lastKnownFileType = file.xib; path = FindMemberViewController.xib; sourceTree = "<group>"; };
		2D62450C2836A6A80094DD04 /* FindMemberView.swift */ = {isa = PBXFileReference; lastKnownFileType = sourcecode.swift; path = FindMemberView.swift; sourceTree = "<group>"; };
		2D62450F2836A8B90094DD04 /* MemberTableViewCell.swift */ = {isa = PBXFileReference; lastKnownFileType = sourcecode.swift; path = MemberTableViewCell.swift; sourceTree = "<group>"; };
		2D6245102836A8B90094DD04 /* MemberTableViewCell.xib */ = {isa = PBXFileReference; lastKnownFileType = file.xib; path = MemberTableViewCell.xib; sourceTree = "<group>"; };
		2D6245132836B3FE0094DD04 /* CreateChatRequest.swift */ = {isa = PBXFileReference; lastKnownFileType = sourcecode.swift; path = CreateChatRequest.swift; sourceTree = "<group>"; };
		2D6245152837A5620094DD04 /* ConversationViewController.swift */ = {isa = PBXFileReference; lastKnownFileType = sourcecode.swift; path = ConversationViewController.swift; sourceTree = "<group>"; };
		2D6245172837EEF50094DD04 /* CreateMessageRequest.swift */ = {isa = PBXFileReference; lastKnownFileType = sourcecode.swift; path = CreateMessageRequest.swift; sourceTree = "<group>"; };
		2D72CF8627E78548002D2924 /* MainTabBarViewController.swift */ = {isa = PBXFileReference; lastKnownFileType = sourcecode.swift; path = MainTabBarViewController.swift; sourceTree = "<group>"; };
		2D72CF8A27E78978002D2924 /* ContactsListViewController.swift */ = {isa = PBXFileReference; lastKnownFileType = sourcecode.swift; path = ContactsListViewController.swift; sourceTree = "<group>"; };
		2D72CF8B27E78978002D2924 /* ContactsListViewController.xib */ = {isa = PBXFileReference; lastKnownFileType = file.xib; path = ContactsListViewController.xib; sourceTree = "<group>"; };
		2D72CF8F27E78987002D2924 /* ContactsListView.swift */ = {isa = PBXFileReference; lastKnownFileType = sourcecode.swift; path = ContactsListView.swift; sourceTree = "<group>"; };
		2D72CF9227E78F40002D2924 /* ContactListTableViewCell.swift */ = {isa = PBXFileReference; lastKnownFileType = sourcecode.swift; path = ContactListTableViewCell.swift; sourceTree = "<group>"; };
		2D72CF9327E78F40002D2924 /* ContactListTableViewCell.xib */ = {isa = PBXFileReference; lastKnownFileType = file.xib; path = ContactListTableViewCell.xib; sourceTree = "<group>"; };
		2D72CF9927E798F2002D2924 /* SettingsViewController.swift */ = {isa = PBXFileReference; lastKnownFileType = sourcecode.swift; path = SettingsViewController.swift; sourceTree = "<group>"; };
		2D72CF9A27E798F2002D2924 /* SettingsViewController.xib */ = {isa = PBXFileReference; lastKnownFileType = file.xib; path = SettingsViewController.xib; sourceTree = "<group>"; };
		2D72CF9D27E7991A002D2924 /* SettingsView.swift */ = {isa = PBXFileReference; lastKnownFileType = sourcecode.swift; path = SettingsView.swift; sourceTree = "<group>"; };
		2D86B31327E89EBA001B44E6 /* ChatViewController.swift */ = {isa = PBXFileReference; lastKnownFileType = sourcecode.swift; path = ChatViewController.swift; sourceTree = "<group>"; };
		2D86B31427E89EBA001B44E6 /* ChatViewController.xib */ = {isa = PBXFileReference; lastKnownFileType = file.xib; path = ChatViewController.xib; sourceTree = "<group>"; };
		2D86B31727E89EC4001B44E6 /* ChatView.swift */ = {isa = PBXFileReference; lastKnownFileType = sourcecode.swift; path = ChatView.swift; sourceTree = "<group>"; };
		2DA57213282FB575002D9F9F /* CredentialManager.swift */ = {isa = PBXFileReference; lastKnownFileType = sourcecode.swift; path = CredentialManager.swift; sourceTree = "<group>"; };
		2DC3B7BF27E7349200B5DC24 /* ProfileSettingsView.swift */ = {isa = PBXFileReference; lastKnownFileType = sourcecode.swift; path = ProfileSettingsView.swift; sourceTree = "<group>"; };
		2DC3B7C127E734B000B5DC24 /* ProfileSettingsViewController.swift */ = {isa = PBXFileReference; lastKnownFileType = sourcecode.swift; path = ProfileSettingsViewController.swift; sourceTree = "<group>"; };
		2DC3B7C227E734B000B5DC24 /* ProfileSettingsViewController.xib */ = {isa = PBXFileReference; lastKnownFileType = file.xib; path = ProfileSettingsViewController.xib; sourceTree = "<group>"; };
		2DC3B7C527E76F6B00B5DC24 /* UITextView+Extension.swift */ = {isa = PBXFileReference; lastKnownFileType = sourcecode.swift; path = "UITextView+Extension.swift"; sourceTree = "<group>"; };
		2DC3B7CA27E7764600B5DC24 /* ChatListViewController.swift */ = {isa = PBXFileReference; lastKnownFileType = sourcecode.swift; path = ChatListViewController.swift; sourceTree = "<group>"; };
		2DC3B7CB27E7764600B5DC24 /* ChatListViewController.xib */ = {isa = PBXFileReference; lastKnownFileType = file.xib; path = ChatListViewController.xib; sourceTree = "<group>"; };
		2DC3B7CE27E7769100B5DC24 /* ChatListView.swift */ = {isa = PBXFileReference; lastKnownFileType = sourcecode.swift; path = ChatListView.swift; sourceTree = "<group>"; };
		2DC3B7D227E778BE00B5DC24 /* ChatListTableViewCell.swift */ = {isa = PBXFileReference; lastKnownFileType = sourcecode.swift; path = ChatListTableViewCell.swift; sourceTree = "<group>"; };
		2DC3B7D327E778BE00B5DC24 /* ChatListTableViewCell.xib */ = {isa = PBXFileReference; lastKnownFileType = file.xib; path = ChatListTableViewCell.xib; sourceTree = "<group>"; };
		2DC3B7D627E778F200B5DC24 /* Chat.swift */ = {isa = PBXFileReference; lastKnownFileType = sourcecode.swift; path = Chat.swift; sourceTree = "<group>"; };
		2DE229382827EF7C00C7776A /* ApiService.swift */ = {isa = PBXFileReference; lastKnownFileType = sourcecode.swift; path = ApiService.swift; sourceTree = "<group>"; };
		2DE2293B2827EFF800C7776A /* User.swift */ = {isa = PBXFileReference; lastKnownFileType = sourcecode.swift; path = User.swift; sourceTree = "<group>"; };
		51A76C56C6007A512E694044 /* Pods_SecureMessanger.framework */ = {isa = PBXFileReference; explicitFileType = wrapper.framework; includeInIndex = 0; path = Pods_SecureMessanger.framework; sourceTree = BUILT_PRODUCTS_DIR; };
		6E424E6E241B0335E9F31BAE /* Pods-SecureMessanger.release.xcconfig */ = {isa = PBXFileReference; includeInIndex = 1; lastKnownFileType = text.xcconfig; name = "Pods-SecureMessanger.release.xcconfig"; path = "Target Support Files/Pods-SecureMessanger/Pods-SecureMessanger.release.xcconfig"; sourceTree = "<group>"; };
		8980E4B84B752C2E2341800B /* Pods-SecureMessanger.debug.xcconfig */ = {isa = PBXFileReference; includeInIndex = 1; lastKnownFileType = text.xcconfig; name = "Pods-SecureMessanger.debug.xcconfig"; path = "Target Support Files/Pods-SecureMessanger/Pods-SecureMessanger.debug.xcconfig"; sourceTree = "<group>"; };
/* End PBXFileReference section */

/* Begin PBXFrameworksBuildPhase section */
		2D5F169627E4CD390089E504 /* Frameworks */ = {
			isa = PBXFrameworksBuildPhase;
			buildActionMask = 2147483647;
			files = (
				609707F2E176BA6E81DA281B /* Pods_SecureMessanger.framework in Frameworks */,
				2D47E20B282EBA5100AE258E /* CryptoSwift in Frameworks */,
			);
			runOnlyForDeploymentPostprocessing = 0;
		};
/* End PBXFrameworksBuildPhase section */

/* Begin PBXGroup section */
		2D5F169027E4CD390089E504 = {
			isa = PBXGroup;
			children = (
				2D5F169B27E4CD390089E504 /* SecureMessanger */,
				2D5F169A27E4CD390089E504 /* Products */,
				88A03C93C720F2644B4AE295 /* Pods */,
				853CC5ABA1271FE6C0ECD3D9 /* Frameworks */,
			);
			sourceTree = "<group>";
		};
		2D5F169A27E4CD390089E504 /* Products */ = {
			isa = PBXGroup;
			children = (
				2D5F169927E4CD390089E504 /* SecureMessanger.app */,
			);
			name = Products;
			sourceTree = "<group>";
		};
		2D5F169B27E4CD390089E504 /* SecureMessanger */ = {
			isa = PBXGroup;
			children = (
				2D5F16C227E4D96A0089E504 /* Services */,
				2D5F16BF27E4D6920089E504 /* Protocols */,
				2D5F16B327E4CEB10089E504 /* Resources */,
				2D5F16B227E4CEA80089E504 /* Extensions */,
				2D5F16B127E4CEA00089E504 /* Models */,
				2D5F16B027E4CE940089E504 /* Controllers */,
				2D5F169C27E4CD390089E504 /* AppDelegate.swift */,
				2D5F169E27E4CD390089E504 /* SceneDelegate.swift */,
				2D5F16A527E4CD3B0089E504 /* Assets.xcassets */,
				2D5F16A727E4CD3B0089E504 /* LaunchScreen.storyboard */,
				2D5F16AA27E4CD3B0089E504 /* Info.plist */,
			);
			path = SecureMessanger;
			sourceTree = "<group>";
		};
		2D5F16B027E4CE940089E504 /* Controllers */ = {
			isa = PBXGroup;
			children = (
				2D6245052836A6790094DD04 /* FindMemberViewController */,
				2D6244FC28368E1A0094DD04 /* CreateChatViewController */,
				2D86B31027E89E62001B44E6 /* ChatViewController */,
				2D72CF9627E798D1002D2924 /* SettingsViewController */,
				2D72CF8827E78956002D2924 /* ContactsListViewController */,
				2DC3B7C727E775ED00B5DC24 /* ChatListViewController */,
				2DC3B7BA27E7344900B5DC24 /* ProfileSettingsViewController */,
				2D5F16D027E4EA240089E504 /* ConfirmPhoneNumberViewController */,
				2D5F16C527E4D9D40089E504 /* LoginViewController */,
				2D5F16B427E4CFBA0089E504 /* WelcomeViewController */,
				2D72CF8627E78548002D2924 /* MainTabBarViewController.swift */,
			);
			path = Controllers;
			sourceTree = "<group>";
		};
		2D5F16B127E4CEA00089E504 /* Models */ = {
			isa = PBXGroup;
			children = (
				2DE2293B2827EFF800C7776A /* User.swift */,
				2DC3B7D627E778F200B5DC24 /* Chat.swift */,
				2D6244F4283562FA0094DD04 /* ApiErrors.swift */,
				2D6244F828356C870094DD04 /* UpdateUserRequest.swift */,
				2D6245132836B3FE0094DD04 /* CreateChatRequest.swift */,
				2D6245172837EEF50094DD04 /* CreateMessageRequest.swift */,
				2D18938F2839082C006A2D64 /* Message.swift */,
			);
			path = Models;
			sourceTree = "<group>";
		};
		2D5F16B227E4CEA80089E504 /* Extensions */ = {
			isa = PBXGroup;
			children = (
				2D5F16BD27E4D18B0089E504 /* UIView+Extension.swift */,
				2D5F16CE27E4E7F30089E504 /* UIViewController+Extension.swift */,
				2DC3B7C527E76F6B00B5DC24 /* UITextView+Extension.swift */,
				2D47E202282EB6C000AE258E /* String+Extension.swift */,
				2D6244FA283688520094DD04 /* Date+Extension.swift */,
			);
			path = Extensions;
			sourceTree = "<group>";
		};
		2D5F16B327E4CEB10089E504 /* Resources */ = {
			isa = PBXGroup;
			children = (
			);
			path = Resources;
			sourceTree = "<group>";
		};
		2D5F16B427E4CFBA0089E504 /* WelcomeViewController */ = {
			isa = PBXGroup;
			children = (
				2D5F16B627E4CFE10089E504 /* Controller */,
				2D5F16B527E4CFDC0089E504 /* View */,
			);
			path = WelcomeViewController;
			sourceTree = "<group>";
		};
		2D5F16B527E4CFDC0089E504 /* View */ = {
			isa = PBXGroup;
			children = (
				2D5F16BB27E4D0220089E504 /* WelcomeView.swift */,
			);
			path = View;
			sourceTree = "<group>";
		};
		2D5F16B627E4CFE10089E504 /* Controller */ = {
			isa = PBXGroup;
			children = (
				2D5F16B727E4CFF90089E504 /* WelcomeViewController.swift */,
				2D5F16B827E4CFF90089E504 /* WelcomeViewController.xib */,
			);
			path = Controller;
			sourceTree = "<group>";
		};
		2D5F16BF27E4D6920089E504 /* Protocols */ = {
			isa = PBXGroup;
			children = (
				2D5F16C027E4D6A70089E504 /* RootViewProtocol.swift */,
			);
			path = Protocols;
			sourceTree = "<group>";
		};
		2D5F16C227E4D96A0089E504 /* Services */ = {
			isa = PBXGroup;
			children = (
				2D5F16C327E4D9720089E504 /* NavigationService.swift */,
				2DE229382827EF7C00C7776A /* ApiService.swift */,
				2DA57213282FB575002D9F9F /* CredentialManager.swift */,
				2D6244F6283563150094DD04 /* DictionaryDecoder.swift */,
			);
			path = Services;
			sourceTree = "<group>";
		};
		2D5F16C527E4D9D40089E504 /* LoginViewController */ = {
			isa = PBXGroup;
			children = (
				2D5F16CB27E4D9F80089E504 /* View */,
				2D5F16CA27E4D9E80089E504 /* Controller */,
			);
			path = LoginViewController;
			sourceTree = "<group>";
		};
		2D5F16CA27E4D9E80089E504 /* Controller */ = {
			isa = PBXGroup;
			children = (
				2D5F16C627E4D9E20089E504 /* LoginViewController.swift */,
				2D5F16C727E4D9E20089E504 /* LoginViewController.xib */,
			);
			path = Controller;
			sourceTree = "<group>";
		};
		2D5F16CB27E4D9F80089E504 /* View */ = {
			isa = PBXGroup;
			children = (
				2D5F16CC27E4DA040089E504 /* LoginView.swift */,
			);
			path = View;
			sourceTree = "<group>";
		};
		2D5F16D027E4EA240089E504 /* ConfirmPhoneNumberViewController */ = {
			isa = PBXGroup;
			children = (
				2D5F16D227E4EA430089E504 /* Controller */,
				2D5F16D127E4EA390089E504 /* View */,
			);
			path = ConfirmPhoneNumberViewController;
			sourceTree = "<group>";
		};
		2D5F16D127E4EA390089E504 /* View */ = {
			isa = PBXGroup;
			children = (
				2D5F16D727E4EA630089E504 /* ConfirmPhoneNumberView.swift */,
			);
			path = View;
			sourceTree = "<group>";
		};
		2D5F16D227E4EA430089E504 /* Controller */ = {
			isa = PBXGroup;
			children = (
				2D5F16D327E4EA550089E504 /* ConfirmPhoneNumberViewController.swift */,
				2D5F16D427E4EA550089E504 /* ConfirmPhoneNumberViewController.xib */,
			);
			path = Controller;
			sourceTree = "<group>";
		};
		2D6244FC28368E1A0094DD04 /* CreateChatViewController */ = {
			isa = PBXGroup;
			children = (
				2D62450E2836A8A20094DD04 /* TableViewCells */,
				2D6244FE28368E330094DD04 /* Controller */,
				2D6244FD28368E2E0094DD04 /* View */,
			);
			path = CreateChatViewController;
			sourceTree = "<group>";
		};
		2D6244FD28368E2E0094DD04 /* View */ = {
			isa = PBXGroup;
			children = (
				2D62450328368E520094DD04 /* CreateChatView.swift */,
			);
			path = View;
			sourceTree = "<group>";
		};
		2D6244FE28368E330094DD04 /* Controller */ = {
			isa = PBXGroup;
			children = (
				2D6244FF28368E450094DD04 /* CreateChatViewController.swift */,
				2D62450028368E450094DD04 /* CreateChatViewController.xib */,
			);
			path = Controller;
			sourceTree = "<group>";
		};
		2D6245052836A6790094DD04 /* FindMemberViewController */ = {
			isa = PBXGroup;
			children = (
				2D6245072836A68E0094DD04 /* Controller */,
				2D6245062836A6890094DD04 /* View */,
			);
			path = FindMemberViewController;
			sourceTree = "<group>";
		};
		2D6245062836A6890094DD04 /* View */ = {
			isa = PBXGroup;
			children = (
				2D62450C2836A6A80094DD04 /* FindMemberView.swift */,
			);
			path = View;
			sourceTree = "<group>";
		};
		2D6245072836A68E0094DD04 /* Controller */ = {
			isa = PBXGroup;
			children = (
				2D6245082836A69A0094DD04 /* FindMemberViewController.swift */,
				2D6245092836A69A0094DD04 /* FindMemberViewController.xib */,
			);
			path = Controller;
			sourceTree = "<group>";
		};
		2D62450E2836A8A20094DD04 /* TableViewCells */ = {
			isa = PBXGroup;
			children = (
				2D62450F2836A8B90094DD04 /* MemberTableViewCell.swift */,
				2D6245102836A8B90094DD04 /* MemberTableViewCell.xib */,
			);
			path = TableViewCells;
			sourceTree = "<group>";
		};
		2D72CF8827E78956002D2924 /* ContactsListViewController */ = {
			isa = PBXGroup;
			children = (
				2D72CF9127E78F2C002D2924 /* TableViewCells */,
				2D72CF8E27E7897B002D2924 /* View */,
				2D72CF8927E78968002D2924 /* Controller */,
			);
			path = ContactsListViewController;
			sourceTree = "<group>";
		};
		2D72CF8927E78968002D2924 /* Controller */ = {
			isa = PBXGroup;
			children = (
				2D72CF8A27E78978002D2924 /* ContactsListViewController.swift */,
				2D72CF8B27E78978002D2924 /* ContactsListViewController.xib */,
			);
			path = Controller;
			sourceTree = "<group>";
		};
		2D72CF8E27E7897B002D2924 /* View */ = {
			isa = PBXGroup;
			children = (
				2D72CF8F27E78987002D2924 /* ContactsListView.swift */,
			);
			path = View;
			sourceTree = "<group>";
		};
		2D72CF9127E78F2C002D2924 /* TableViewCells */ = {
			isa = PBXGroup;
			children = (
				2D72CF9227E78F40002D2924 /* ContactListTableViewCell.swift */,
				2D72CF9327E78F40002D2924 /* ContactListTableViewCell.xib */,
			);
			path = TableViewCells;
			sourceTree = "<group>";
		};
		2D72CF9627E798D1002D2924 /* SettingsViewController */ = {
			isa = PBXGroup;
			children = (
				2D72CF9827E798E4002D2924 /* Controller */,
				2D72CF9727E798DD002D2924 /* View */,
			);
			path = SettingsViewController;
			sourceTree = "<group>";
		};
		2D72CF9727E798DD002D2924 /* View */ = {
			isa = PBXGroup;
			children = (
				2D72CF9D27E7991A002D2924 /* SettingsView.swift */,
			);
			path = View;
			sourceTree = "<group>";
		};
		2D72CF9827E798E4002D2924 /* Controller */ = {
			isa = PBXGroup;
			children = (
				2D72CF9927E798F2002D2924 /* SettingsViewController.swift */,
				2D72CF9A27E798F2002D2924 /* SettingsViewController.xib */,
			);
			path = Controller;
			sourceTree = "<group>";
		};
		2D86B31027E89E62001B44E6 /* ChatViewController */ = {
			isa = PBXGroup;
			children = (
				2D86B31227E89EAC001B44E6 /* View */,
				2D86B31127E89EA5001B44E6 /* Controller */,
			);
			path = ChatViewController;
			sourceTree = "<group>";
		};
		2D86B31127E89EA5001B44E6 /* Controller */ = {
			isa = PBXGroup;
			children = (
				2D86B31327E89EBA001B44E6 /* ChatViewController.swift */,
				2D86B31427E89EBA001B44E6 /* ChatViewController.xib */,
				2D6245152837A5620094DD04 /* ConversationViewController.swift */,
			);
			path = Controller;
			sourceTree = "<group>";
		};
		2D86B31227E89EAC001B44E6 /* View */ = {
			isa = PBXGroup;
			children = (
				2D86B31727E89EC4001B44E6 /* ChatView.swift */,
			);
			path = View;
			sourceTree = "<group>";
		};
		2DC3B7BA27E7344900B5DC24 /* ProfileSettingsViewController */ = {
			isa = PBXGroup;
			children = (
				2DC3B7BC27E7347B00B5DC24 /* View */,
				2DC3B7BB27E7347400B5DC24 /* Controller */,
			);
			path = ProfileSettingsViewController;
			sourceTree = "<group>";
		};
		2DC3B7BB27E7347400B5DC24 /* Controller */ = {
			isa = PBXGroup;
			children = (
				2DC3B7C127E734B000B5DC24 /* ProfileSettingsViewController.swift */,
				2DC3B7C227E734B000B5DC24 /* ProfileSettingsViewController.xib */,
			);
			path = Controller;
			sourceTree = "<group>";
		};
		2DC3B7BC27E7347B00B5DC24 /* View */ = {
			isa = PBXGroup;
			children = (
				2DC3B7BF27E7349200B5DC24 /* ProfileSettingsView.swift */,
			);
			path = View;
			sourceTree = "<group>";
		};
		2DC3B7C727E775ED00B5DC24 /* ChatListViewController */ = {
			isa = PBXGroup;
			children = (
				2DC3B7D027E778A100B5DC24 /* TableViewCells */,
				2DC3B7C927E7760600B5DC24 /* Controller */,
				2DC3B7C827E7760100B5DC24 /* View */,
			);
			path = ChatListViewController;
			sourceTree = "<group>";
		};
		2DC3B7C827E7760100B5DC24 /* View */ = {
			isa = PBXGroup;
			children = (
				2DC3B7CE27E7769100B5DC24 /* ChatListView.swift */,
			);
			path = View;
			sourceTree = "<group>";
		};
		2DC3B7C927E7760600B5DC24 /* Controller */ = {
			isa = PBXGroup;
			children = (
				2DC3B7CA27E7764600B5DC24 /* ChatListViewController.swift */,
				2DC3B7CB27E7764600B5DC24 /* ChatListViewController.xib */,
			);
			path = Controller;
			sourceTree = "<group>";
		};
		2DC3B7D027E778A100B5DC24 /* TableViewCells */ = {
			isa = PBXGroup;
			children = (
				2DC3B7D127E778AB00B5DC24 /* ChatListTableViewCell */,
			);
			path = TableViewCells;
			sourceTree = "<group>";
		};
		2DC3B7D127E778AB00B5DC24 /* ChatListTableViewCell */ = {
			isa = PBXGroup;
			children = (
				2DC3B7D227E778BE00B5DC24 /* ChatListTableViewCell.swift */,
				2DC3B7D327E778BE00B5DC24 /* ChatListTableViewCell.xib */,
			);
			path = ChatListTableViewCell;
			sourceTree = "<group>";
		};
		853CC5ABA1271FE6C0ECD3D9 /* Frameworks */ = {
			isa = PBXGroup;
			children = (
				51A76C56C6007A512E694044 /* Pods_SecureMessanger.framework */,
			);
			name = Frameworks;
			sourceTree = "<group>";
		};
		88A03C93C720F2644B4AE295 /* Pods */ = {
			isa = PBXGroup;
			children = (
				8980E4B84B752C2E2341800B /* Pods-SecureMessanger.debug.xcconfig */,
				6E424E6E241B0335E9F31BAE /* Pods-SecureMessanger.release.xcconfig */,
			);
			path = Pods;
			sourceTree = "<group>";
		};
/* End PBXGroup section */

/* Begin PBXNativeTarget section */
		2D5F169827E4CD390089E504 /* SecureMessanger */ = {
			isa = PBXNativeTarget;
			buildConfigurationList = 2D5F16AD27E4CD3B0089E504 /* Build configuration list for PBXNativeTarget "SecureMessanger" */;
			buildPhases = (
				804462563785119D75695DBA /* [CP] Check Pods Manifest.lock */,
				2D5F169527E4CD390089E504 /* Sources */,
				2D5F169627E4CD390089E504 /* Frameworks */,
				2D5F169727E4CD390089E504 /* Resources */,
				E11BAA9A5527EC27CFB8A6BF /* [CP] Embed Pods Frameworks */,
			);
			buildRules = (
			);
			dependencies = (
			);
			name = SecureMessanger;
			packageProductDependencies = (
				2D47E20A282EBA5100AE258E /* CryptoSwift */,
			);
			productName = SecureMessanger;
			productReference = 2D5F169927E4CD390089E504 /* SecureMessanger.app */;
			productType = "com.apple.product-type.application";
		};
/* End PBXNativeTarget section */

/* Begin PBXProject section */
		2D5F169127E4CD390089E504 /* Project object */ = {
			isa = PBXProject;
			attributes = {
				BuildIndependentTargetsInParallel = 1;
				LastSwiftUpdateCheck = 1320;
				LastUpgradeCheck = 1320;
				TargetAttributes = {
					2D5F169827E4CD390089E504 = {
						CreatedOnToolsVersion = 13.2.1;
					};
				};
			};
			buildConfigurationList = 2D5F169427E4CD390089E504 /* Build configuration list for PBXProject "SecureMessanger" */;
			compatibilityVersion = "Xcode 13.0";
			developmentRegion = en;
			hasScannedForEncodings = 0;
			knownRegions = (
				en,
				Base,
			);
			mainGroup = 2D5F169027E4CD390089E504;
			packageReferences = (
				2D47E204282EB9CD00AE258E /* XCRemoteSwiftPackageReference "swift-crypto" */,
				2D47E209282EBA5100AE258E /* XCRemoteSwiftPackageReference "CryptoSwift" */,
			);
			productRefGroup = 2D5F169A27E4CD390089E504 /* Products */;
			projectDirPath = "";
			projectRoot = "";
			targets = (
				2D5F169827E4CD390089E504 /* SecureMessanger */,
			);
		};
/* End PBXProject section */

/* Begin PBXResourcesBuildPhase section */
		2D5F169727E4CD390089E504 /* Resources */ = {
			isa = PBXResourcesBuildPhase;
			buildActionMask = 2147483647;
			files = (
				2D72CF9527E78F40002D2924 /* ContactListTableViewCell.xib in Resources */,
				2D5F16C927E4D9E20089E504 /* LoginViewController.xib in Resources */,
				2D86B31627E89EBA001B44E6 /* ChatViewController.xib in Resources */,
				2D72CF9C27E798F2002D2924 /* SettingsViewController.xib in Resources */,
				2D6245122836A8B90094DD04 /* MemberTableViewCell.xib in Resources */,
				2DC3B7D527E778BE00B5DC24 /* ChatListTableViewCell.xib in Resources */,
				2D62450B2836A69A0094DD04 /* FindMemberViewController.xib in Resources */,
				2D5F16A927E4CD3B0089E504 /* LaunchScreen.storyboard in Resources */,
				2D5F16D627E4EA550089E504 /* ConfirmPhoneNumberViewController.xib in Resources */,
				2DC3B7CD27E7764600B5DC24 /* ChatListViewController.xib in Resources */,
				2DC3B7C427E734B000B5DC24 /* ProfileSettingsViewController.xib in Resources */,
				2D5F16A627E4CD3B0089E504 /* Assets.xcassets in Resources */,
				2D5F16BA27E4CFF90089E504 /* WelcomeViewController.xib in Resources */,
				2D62450228368E450094DD04 /* CreateChatViewController.xib in Resources */,
				2D72CF8D27E78978002D2924 /* ContactsListViewController.xib in Resources */,
			);
			runOnlyForDeploymentPostprocessing = 0;
		};
/* End PBXResourcesBuildPhase section */

/* Begin PBXShellScriptBuildPhase section */
		804462563785119D75695DBA /* [CP] Check Pods Manifest.lock */ = {
			isa = PBXShellScriptBuildPhase;
			buildActionMask = 2147483647;
			files = (
			);
			inputFileListPaths = (
			);
			inputPaths = (
				"${PODS_PODFILE_DIR_PATH}/Podfile.lock",
				"${PODS_ROOT}/Manifest.lock",
			);
			name = "[CP] Check Pods Manifest.lock";
			outputFileListPaths = (
			);
			outputPaths = (
				"$(DERIVED_FILE_DIR)/Pods-SecureMessanger-checkManifestLockResult.txt",
			);
			runOnlyForDeploymentPostprocessing = 0;
			shellPath = /bin/sh;
			shellScript = "diff \"${PODS_PODFILE_DIR_PATH}/Podfile.lock\" \"${PODS_ROOT}/Manifest.lock\" > /dev/null\nif [ $? != 0 ] ; then\n    # print error to STDERR\n    echo \"error: The sandbox is not in sync with the Podfile.lock. Run 'pod install' or update your CocoaPods installation.\" >&2\n    exit 1\nfi\n# This output is used by Xcode 'outputs' to avoid re-running this script phase.\necho \"SUCCESS\" > \"${SCRIPT_OUTPUT_FILE_0}\"\n";
			showEnvVarsInLog = 0;
		};
		E11BAA9A5527EC27CFB8A6BF /* [CP] Embed Pods Frameworks */ = {
			isa = PBXShellScriptBuildPhase;
			buildActionMask = 2147483647;
			files = (
			);
			inputFileListPaths = (
				"${PODS_ROOT}/Target Support Files/Pods-SecureMessanger/Pods-SecureMessanger-frameworks-${CONFIGURATION}-input-files.xcfilelist",
			);
			name = "[CP] Embed Pods Frameworks";
			outputFileListPaths = (
				"${PODS_ROOT}/Target Support Files/Pods-SecureMessanger/Pods-SecureMessanger-frameworks-${CONFIGURATION}-output-files.xcfilelist",
			);
			runOnlyForDeploymentPostprocessing = 0;
			shellPath = /bin/sh;
			shellScript = "\"${PODS_ROOT}/Target Support Files/Pods-SecureMessanger/Pods-SecureMessanger-frameworks.sh\"\n";
			showEnvVarsInLog = 0;
		};
/* End PBXShellScriptBuildPhase section */

/* Begin PBXSourcesBuildPhase section */
		2D5F169527E4CD390089E504 /* Sources */ = {
			isa = PBXSourcesBuildPhase;
			buildActionMask = 2147483647;
			files = (
				2D5F16C127E4D6A70089E504 /* RootViewProtocol.swift in Sources */,
				2D6244F5283562FA0094DD04 /* ApiErrors.swift in Sources */,
				2D5F16B927E4CFF90089E504 /* WelcomeViewController.swift in Sources */,
				2DA57214282FB575002D9F9F /* CredentialManager.swift in Sources */,
				2DC3B7D727E778F200B5DC24 /* Chat.swift in Sources */,
				2DC3B7CC27E7764600B5DC24 /* ChatListViewController.swift in Sources */,
				2D86B31827E89EC4001B44E6 /* ChatView.swift in Sources */,
				2D5F169D27E4CD390089E504 /* AppDelegate.swift in Sources */,
				2D62450128368E450094DD04 /* CreateChatViewController.swift in Sources */,
				2D72CF8727E78548002D2924 /* MainTabBarViewController.swift in Sources */,
				2DC3B7C327E734B000B5DC24 /* ProfileSettingsViewController.swift in Sources */,
				2DE2293C2827EFF800C7776A /* User.swift in Sources */,
				2D5F16CD27E4DA040089E504 /* LoginView.swift in Sources */,
				2D5F16D527E4EA550089E504 /* ConfirmPhoneNumberViewController.swift in Sources */,
				2D6245162837A5620094DD04 /* ConversationViewController.swift in Sources */,
				2D5F169F27E4CD390089E504 /* SceneDelegate.swift in Sources */,
				2D6245112836A8B90094DD04 /* MemberTableViewCell.swift in Sources */,
				2D1893902839082C006A2D64 /* Message.swift in Sources */,
				2D5F16C827E4D9E20089E504 /* LoginViewController.swift in Sources */,
				2D62450428368E520094DD04 /* CreateChatView.swift in Sources */,
				2DC3B7C627E76F6B00B5DC24 /* UITextView+Extension.swift in Sources */,
				2D6244F7283563150094DD04 /* DictionaryDecoder.swift in Sources */,
				2D6244F928356C870094DD04 /* UpdateUserRequest.swift in Sources */,
				2D47E203282EB6C000AE258E /* String+Extension.swift in Sources */,
				2D5F16BE27E4D18B0089E504 /* UIView+Extension.swift in Sources */,
				2D5F16BC27E4D0220089E504 /* WelcomeView.swift in Sources */,
				2D62450A2836A69A0094DD04 /* FindMemberViewController.swift in Sources */,
				2D5F16CF27E4E7F30089E504 /* UIViewController+Extension.swift in Sources */,
				2D72CF9E27E7991A002D2924 /* SettingsView.swift in Sources */,
				2D62450D2836A6A80094DD04 /* FindMemberView.swift in Sources */,
				2D5F16C427E4D9720089E504 /* NavigationService.swift in Sources */,
				2D5F16D827E4EA630089E504 /* ConfirmPhoneNumberView.swift in Sources */,
				2D6244FB283688520094DD04 /* Date+Extension.swift in Sources */,
				2D72CF9027E78987002D2924 /* ContactsListView.swift in Sources */,
				2DC3B7D427E778BE00B5DC24 /* ChatListTableViewCell.swift in Sources */,
				2D72CF8C27E78978002D2924 /* ContactsListViewController.swift in Sources */,
				2DC3B7C027E7349200B5DC24 /* ProfileSettingsView.swift in Sources */,
				2D86B31527E89EBA001B44E6 /* ChatViewController.swift in Sources */,
				2DC3B7CF27E7769100B5DC24 /* ChatListView.swift in Sources */,
				2D72CF9427E78F40002D2924 /* ContactListTableViewCell.swift in Sources */,
				2DE229392827EF7C00C7776A /* ApiService.swift in Sources */,
				2D6245182837EEF50094DD04 /* CreateMessageRequest.swift in Sources */,
				2D6245142836B3FE0094DD04 /* CreateChatRequest.swift in Sources */,
				2D72CF9B27E798F2002D2924 /* SettingsViewController.swift in Sources */,
			);
			runOnlyForDeploymentPostprocessing = 0;
		};
/* End PBXSourcesBuildPhase section */

/* Begin PBXVariantGroup section */
		2D5F16A727E4CD3B0089E504 /* LaunchScreen.storyboard */ = {
			isa = PBXVariantGroup;
			children = (
				2D5F16A827E4CD3B0089E504 /* Base */,
			);
			name = LaunchScreen.storyboard;
			sourceTree = "<group>";
		};
/* End PBXVariantGroup section */

/* Begin XCBuildConfiguration section */
		2D5F16AB27E4CD3B0089E504 /* Debug */ = {
			isa = XCBuildConfiguration;
			buildSettings = {
				ALWAYS_SEARCH_USER_PATHS = NO;
				CLANG_ANALYZER_NONNULL = YES;
				CLANG_ANALYZER_NUMBER_OBJECT_CONVERSION = YES_AGGRESSIVE;
				CLANG_CXX_LANGUAGE_STANDARD = "gnu++17";
				CLANG_CXX_LIBRARY = "libc++";
				CLANG_ENABLE_MODULES = YES;
				CLANG_ENABLE_OBJC_ARC = YES;
				CLANG_ENABLE_OBJC_WEAK = YES;
				CLANG_WARN_BLOCK_CAPTURE_AUTORELEASING = YES;
				CLANG_WARN_BOOL_CONVERSION = YES;
				CLANG_WARN_COMMA = YES;
				CLANG_WARN_CONSTANT_CONVERSION = YES;
				CLANG_WARN_DEPRECATED_OBJC_IMPLEMENTATIONS = YES;
				CLANG_WARN_DIRECT_OBJC_ISA_USAGE = YES_ERROR;
				CLANG_WARN_DOCUMENTATION_COMMENTS = YES;
				CLANG_WARN_EMPTY_BODY = YES;
				CLANG_WARN_ENUM_CONVERSION = YES;
				CLANG_WARN_INFINITE_RECURSION = YES;
				CLANG_WARN_INT_CONVERSION = YES;
				CLANG_WARN_NON_LITERAL_NULL_CONVERSION = YES;
				CLANG_WARN_OBJC_IMPLICIT_RETAIN_SELF = YES;
				CLANG_WARN_OBJC_LITERAL_CONVERSION = YES;
				CLANG_WARN_OBJC_ROOT_CLASS = YES_ERROR;
				CLANG_WARN_QUOTED_INCLUDE_IN_FRAMEWORK_HEADER = YES;
				CLANG_WARN_RANGE_LOOP_ANALYSIS = YES;
				CLANG_WARN_STRICT_PROTOTYPES = YES;
				CLANG_WARN_SUSPICIOUS_MOVE = YES;
				CLANG_WARN_UNGUARDED_AVAILABILITY = YES_AGGRESSIVE;
				CLANG_WARN_UNREACHABLE_CODE = YES;
				CLANG_WARN__DUPLICATE_METHOD_MATCH = YES;
				COPY_PHASE_STRIP = NO;
				DEBUG_INFORMATION_FORMAT = dwarf;
				ENABLE_STRICT_OBJC_MSGSEND = YES;
				ENABLE_TESTABILITY = YES;
				GCC_C_LANGUAGE_STANDARD = gnu11;
				GCC_DYNAMIC_NO_PIC = NO;
				GCC_NO_COMMON_BLOCKS = YES;
				GCC_OPTIMIZATION_LEVEL = 0;
				GCC_PREPROCESSOR_DEFINITIONS = (
					"DEBUG=1",
					"$(inherited)",
				);
				GCC_WARN_64_TO_32_BIT_CONVERSION = YES;
				GCC_WARN_ABOUT_RETURN_TYPE = YES_ERROR;
				GCC_WARN_UNDECLARED_SELECTOR = YES;
				GCC_WARN_UNINITIALIZED_AUTOS = YES_AGGRESSIVE;
				GCC_WARN_UNUSED_FUNCTION = YES;
				GCC_WARN_UNUSED_VARIABLE = YES;
				IPHONEOS_DEPLOYMENT_TARGET = 15.2;
				MTL_ENABLE_DEBUG_INFO = INCLUDE_SOURCE;
				MTL_FAST_MATH = YES;
				ONLY_ACTIVE_ARCH = YES;
				SDKROOT = iphoneos;
				SWIFT_ACTIVE_COMPILATION_CONDITIONS = DEBUG;
				SWIFT_OPTIMIZATION_LEVEL = "-Onone";
			};
			name = Debug;
		};
		2D5F16AC27E4CD3B0089E504 /* Release */ = {
			isa = XCBuildConfiguration;
			buildSettings = {
				ALWAYS_SEARCH_USER_PATHS = NO;
				CLANG_ANALYZER_NONNULL = YES;
				CLANG_ANALYZER_NUMBER_OBJECT_CONVERSION = YES_AGGRESSIVE;
				CLANG_CXX_LANGUAGE_STANDARD = "gnu++17";
				CLANG_CXX_LIBRARY = "libc++";
				CLANG_ENABLE_MODULES = YES;
				CLANG_ENABLE_OBJC_ARC = YES;
				CLANG_ENABLE_OBJC_WEAK = YES;
				CLANG_WARN_BLOCK_CAPTURE_AUTORELEASING = YES;
				CLANG_WARN_BOOL_CONVERSION = YES;
				CLANG_WARN_COMMA = YES;
				CLANG_WARN_CONSTANT_CONVERSION = YES;
				CLANG_WARN_DEPRECATED_OBJC_IMPLEMENTATIONS = YES;
				CLANG_WARN_DIRECT_OBJC_ISA_USAGE = YES_ERROR;
				CLANG_WARN_DOCUMENTATION_COMMENTS = YES;
				CLANG_WARN_EMPTY_BODY = YES;
				CLANG_WARN_ENUM_CONVERSION = YES;
				CLANG_WARN_INFINITE_RECURSION = YES;
				CLANG_WARN_INT_CONVERSION = YES;
				CLANG_WARN_NON_LITERAL_NULL_CONVERSION = YES;
				CLANG_WARN_OBJC_IMPLICIT_RETAIN_SELF = YES;
				CLANG_WARN_OBJC_LITERAL_CONVERSION = YES;
				CLANG_WARN_OBJC_ROOT_CLASS = YES_ERROR;
				CLANG_WARN_QUOTED_INCLUDE_IN_FRAMEWORK_HEADER = YES;
				CLANG_WARN_RANGE_LOOP_ANALYSIS = YES;
				CLANG_WARN_STRICT_PROTOTYPES = YES;
				CLANG_WARN_SUSPICIOUS_MOVE = YES;
				CLANG_WARN_UNGUARDED_AVAILABILITY = YES_AGGRESSIVE;
				CLANG_WARN_UNREACHABLE_CODE = YES;
				CLANG_WARN__DUPLICATE_METHOD_MATCH = YES;
				COPY_PHASE_STRIP = NO;
				DEBUG_INFORMATION_FORMAT = "dwarf-with-dsym";
				ENABLE_NS_ASSERTIONS = NO;
				ENABLE_STRICT_OBJC_MSGSEND = YES;
				GCC_C_LANGUAGE_STANDARD = gnu11;
				GCC_NO_COMMON_BLOCKS = YES;
				GCC_WARN_64_TO_32_BIT_CONVERSION = YES;
				GCC_WARN_ABOUT_RETURN_TYPE = YES_ERROR;
				GCC_WARN_UNDECLARED_SELECTOR = YES;
				GCC_WARN_UNINITIALIZED_AUTOS = YES_AGGRESSIVE;
				GCC_WARN_UNUSED_FUNCTION = YES;
				GCC_WARN_UNUSED_VARIABLE = YES;
				IPHONEOS_DEPLOYMENT_TARGET = 15.2;
				MTL_ENABLE_DEBUG_INFO = NO;
				MTL_FAST_MATH = YES;
				SDKROOT = iphoneos;
				SWIFT_COMPILATION_MODE = wholemodule;
				SWIFT_OPTIMIZATION_LEVEL = "-O";
				VALIDATE_PRODUCT = YES;
			};
			name = Release;
		};
		2D5F16AE27E4CD3B0089E504 /* Debug */ = {
			isa = XCBuildConfiguration;
			baseConfigurationReference = 8980E4B84B752C2E2341800B /* Pods-SecureMessanger.debug.xcconfig */;
			buildSettings = {
				ASSETCATALOG_COMPILER_APPICON_NAME = AppIcon;
				ASSETCATALOG_COMPILER_GLOBAL_ACCENT_COLOR_NAME = AccentColor;
				CODE_SIGN_STYLE = Automatic;
				CURRENT_PROJECT_VERSION = 1;
				DEVELOPMENT_TEAM = HP792V2S63;
				GENERATE_INFOPLIST_FILE = YES;
				INFOPLIST_FILE = SecureMessanger/Info.plist;
				INFOPLIST_KEY_UIApplicationSupportsIndirectInputEvents = YES;
				INFOPLIST_KEY_UILaunchStoryboardName = LaunchScreen;
				INFOPLIST_KEY_UIMainStoryboardFile = LaunchScreen;
				INFOPLIST_KEY_UISupportedInterfaceOrientations = UIInterfaceOrientationPortrait;
				INFOPLIST_KEY_UISupportedInterfaceOrientations_iPad = "UIInterfaceOrientationPortrait UIInterfaceOrientationPortraitUpsideDown UIInterfaceOrientationLandscapeLeft UIInterfaceOrientationLandscapeRight";
				INFOPLIST_KEY_UISupportedInterfaceOrientations_iPhone = "UIInterfaceOrientationPortrait UIInterfaceOrientationLandscapeLeft UIInterfaceOrientationLandscapeRight";
				IPHONEOS_DEPLOYMENT_TARGET = 14.0;
				LD_RUNPATH_SEARCH_PATHS = (
					"$(inherited)",
					"@executable_path/Frameworks",
				);
				MARKETING_VERSION = 1.0;
				PRODUCT_BUNDLE_IDENTIFIER = com.paidych.SecureMessanger;
				PRODUCT_NAME = "$(TARGET_NAME)";
				SWIFT_EMIT_LOC_STRINGS = YES;
				SWIFT_VERSION = 5.0;
				TARGETED_DEVICE_FAMILY = 1;
			};
			name = Debug;
		};
		2D5F16AF27E4CD3B0089E504 /* Release */ = {
			isa = XCBuildConfiguration;
			baseConfigurationReference = 6E424E6E241B0335E9F31BAE /* Pods-SecureMessanger.release.xcconfig */;
			buildSettings = {
				ASSETCATALOG_COMPILER_APPICON_NAME = AppIcon;
				ASSETCATALOG_COMPILER_GLOBAL_ACCENT_COLOR_NAME = AccentColor;
				CODE_SIGN_STYLE = Automatic;
				CURRENT_PROJECT_VERSION = 1;
				DEVELOPMENT_TEAM = HP792V2S63;
				GENERATE_INFOPLIST_FILE = YES;
				INFOPLIST_FILE = SecureMessanger/Info.plist;
				INFOPLIST_KEY_UIApplicationSupportsIndirectInputEvents = YES;
				INFOPLIST_KEY_UILaunchStoryboardName = LaunchScreen;
				INFOPLIST_KEY_UIMainStoryboardFile = LaunchScreen;
				INFOPLIST_KEY_UISupportedInterfaceOrientations = UIInterfaceOrientationPortrait;
				INFOPLIST_KEY_UISupportedInterfaceOrientations_iPad = "UIInterfaceOrientationPortrait UIInterfaceOrientationPortraitUpsideDown UIInterfaceOrientationLandscapeLeft UIInterfaceOrientationLandscapeRight";
				INFOPLIST_KEY_UISupportedInterfaceOrientations_iPhone = "UIInterfaceOrientationPortrait UIInterfaceOrientationLandscapeLeft UIInterfaceOrientationLandscapeRight";
				IPHONEOS_DEPLOYMENT_TARGET = 14.0;
				LD_RUNPATH_SEARCH_PATHS = (
					"$(inherited)",
					"@executable_path/Frameworks",
				);
				MARKETING_VERSION = 1.0;
				PRODUCT_BUNDLE_IDENTIFIER = com.paidych.SecureMessanger;
				PRODUCT_NAME = "$(TARGET_NAME)";
				SWIFT_EMIT_LOC_STRINGS = YES;
				SWIFT_VERSION = 5.0;
				TARGETED_DEVICE_FAMILY = 1;
			};
			name = Release;
		};
/* End XCBuildConfiguration section */

/* Begin XCConfigurationList section */
		2D5F169427E4CD390089E504 /* Build configuration list for PBXProject "SecureMessanger" */ = {
			isa = XCConfigurationList;
			buildConfigurations = (
				2D5F16AB27E4CD3B0089E504 /* Debug */,
				2D5F16AC27E4CD3B0089E504 /* Release */,
			);
			defaultConfigurationIsVisible = 0;
			defaultConfigurationName = Release;
		};
		2D5F16AD27E4CD3B0089E504 /* Build configuration list for PBXNativeTarget "SecureMessanger" */ = {
			isa = XCConfigurationList;
			buildConfigurations = (
				2D5F16AE27E4CD3B0089E504 /* Debug */,
				2D5F16AF27E4CD3B0089E504 /* Release */,
			);
			defaultConfigurationIsVisible = 0;
			defaultConfigurationName = Release;
		};
/* End XCConfigurationList section */

/* Begin XCRemoteSwiftPackageReference section */
		2D47E204282EB9CD00AE258E /* XCRemoteSwiftPackageReference "swift-crypto" */ = {
			isa = XCRemoteSwiftPackageReference;
			repositoryURL = "https://github.com/apple/swift-crypto.git";
			requirement = {
				kind = upToNextMajorVersion;
				minimumVersion = 2.0.0;
			};
		};
		2D47E209282EBA5100AE258E /* XCRemoteSwiftPackageReference "CryptoSwift" */ = {
			isa = XCRemoteSwiftPackageReference;
			repositoryURL = "https://github.com/krzyzanowskim/CryptoSwift.git";
			requirement = {
				branch = main;
				kind = branch;
			};
		};
/* End XCRemoteSwiftPackageReference section */

/* Begin XCSwiftPackageProductDependency section */
		2D47E20A282EBA5100AE258E /* CryptoSwift */ = {
			isa = XCSwiftPackageProductDependency;
			package = 2D47E209282EBA5100AE258E /* XCRemoteSwiftPackageReference "CryptoSwift" */;
			productName = CryptoSwift;
		};
/* End XCSwiftPackageProductDependency section */
	};
	rootObject = 2D5F169127E4CD390089E504 /* Project object */;
}
